// !$*UTF8*$!
{
	archiveVersion = 1;
	classes = {
	};
	objectVersion = 51;
	objects = {

/* Begin PBXBuildFile section */
		5C141CEA26ECEFBD0052028E /* TodayController.swift in Sources */ = {isa = PBXBuildFile; fileRef = 5C141CE926ECEFBD0052028E /* TodayController.swift */; };
		5C43A92E26E50BB5005FDD7B /* NewsData.swift in Sources */ = {isa = PBXBuildFile; fileRef = 5C43A92D26E50BB5005FDD7B /* NewsData.swift */; };
		5C43A93326E51185005FDD7B /* NetworkService.swift in Sources */ = {isa = PBXBuildFile; fileRef = 5C43A93226E51185005FDD7B /* NetworkService.swift */; };
		5C4BADE426EA702C000620A1 /* UIColor+Extension.swift in Sources */ = {isa = PBXBuildFile; fileRef = 5C4BADE326EA702C000620A1 /* UIColor+Extension.swift */; };
		5C4BADE726EA7E93000620A1 /* WebNewsViewController.swift in Sources */ = {isa = PBXBuildFile; fileRef = 5C4BADE626EA7E93000620A1 /* WebNewsViewController.swift */; };
		5C55A51026F0EC79004B148F /* LoginViewController.swift in Sources */ = {isa = PBXBuildFile; fileRef = 5C55A50F26F0EC79004B148F /* LoginViewController.swift */; };
		5C55A52126F101ED004B148F /* ProfileVIewController.swift in Sources */ = {isa = PBXBuildFile; fileRef = 5C55A52026F101ED004B148F /* ProfileVIewController.swift */; };
		5C7098C726E9382100A8AEC5 /* Helpers.swift in Sources */ = {isa = PBXBuildFile; fileRef = 5C7098C626E9382100A8AEC5 /* Helpers.swift */; };
		5C7098CA26E93EB600A8AEC5 /* FloatingContainerView.swift in Sources */ = {isa = PBXBuildFile; fileRef = 5C7098C926E93EB600A8AEC5 /* FloatingContainerView.swift */; };
		5CA46EF326E36DDC0031A540 /* AppDelegate.swift in Sources */ = {isa = PBXBuildFile; fileRef = 5CA46EF226E36DDC0031A540 /* AppDelegate.swift */; };
		5CA46EF526E36DDC0031A540 /* SceneDelegate.swift in Sources */ = {isa = PBXBuildFile; fileRef = 5CA46EF426E36DDC0031A540 /* SceneDelegate.swift */; };
		5CA46EF726E36DDC0031A540 /* ViewController.swift in Sources */ = {isa = PBXBuildFile; fileRef = 5CA46EF626E36DDC0031A540 /* ViewController.swift */; };
		5CA46EFA26E36DDC0031A540 /* Main.storyboard in Resources */ = {isa = PBXBuildFile; fileRef = 5CA46EF826E36DDC0031A540 /* Main.storyboard */; };
		5CA46EFC26E36DDE0031A540 /* Assets.xcassets in Resources */ = {isa = PBXBuildFile; fileRef = 5CA46EFB26E36DDE0031A540 /* Assets.xcassets */; };
		5CA46EFF26E36DDE0031A540 /* LaunchScreen.storyboard in Resources */ = {isa = PBXBuildFile; fileRef = 5CA46EFD26E36DDE0031A540 /* LaunchScreen.storyboard */; };
		5CA46F0A26E377A70031A540 /* BaseTabBarController.swift in Sources */ = {isa = PBXBuildFile; fileRef = 5CA46F0926E377A70031A540 /* BaseTabBarController.swift */; };
		5CA46F0F26E37AAB0031A540 /* NewsSearchController.swift in Sources */ = {isa = PBXBuildFile; fileRef = 5CA46F0E26E37AAB0031A540 /* NewsSearchController.swift */; };
		5CA46F1626E37D390031A540 /* SearchCell.swift in Sources */ = {isa = PBXBuildFile; fileRef = 5CA46F1526E37D390031A540 /* SearchCell.swift */; };
		5CA874BC26ECF32900ABA803 /* TodayCell.swift in Sources */ = {isa = PBXBuildFile; fileRef = 5CA874BB26ECF32900ABA803 /* TodayCell.swift */; };
		5CB501D926E6513900246670 /* BaseCell.swift in Sources */ = {isa = PBXBuildFile; fileRef = 5CB501D826E6513900246670 /* BaseCell.swift */; };
		5CB501DC26E655C700246670 /* ScopeOne-Regular.ttf in Resources */ = {isa = PBXBuildFile; fileRef = 5CB501DB26E655C700246670 /* ScopeOne-Regular.ttf */; };
		5CB501E226E6716700246670 /* DetailsController.swift in Sources */ = {isa = PBXBuildFile; fileRef = 5CB501E126E6716700246670 /* DetailsController.swift */; };
		5CB501E626E674B700246670 /* ImageHeaderCell.swift in Sources */ = {isa = PBXBuildFile; fileRef = 5CB501E526E674B700246670 /* ImageHeaderCell.swift */; };
		5CB501EA26E675DF00246670 /* NewsDetailCell.swift in Sources */ = {isa = PBXBuildFile; fileRef = 5CB501E926E675DF00246670 /* NewsDetailCell.swift */; };
		5CBF2FE726EE411E00DB1D89 /* WelcomeController.swift in Sources */ = {isa = PBXBuildFile; fileRef = 5CBF2FE626EE411E00DB1D89 /* WelcomeController.swift */; };
		5CBF2FEF26EE4DEF00DB1D89 /* RegisterController.swift in Sources */ = {isa = PBXBuildFile; fileRef = 5CBF2FEE26EE4DEF00DB1D89 /* RegisterController.swift */; };
		5CE00E2D26F78F1B00BAFAAE /* CountryCell.swift in Sources */ = {isa = PBXBuildFile; fileRef = 5CE00E2C26F78F1B00BAFAAE /* CountryCell.swift */; };
		5CF9EFCA26EFAD2900655DD2 /* KeychainManager.swift in Sources */ = {isa = PBXBuildFile; fileRef = 5CF9EFC926EFAD2900655DD2 /* KeychainManager.swift */; };
		5CF9EFCE26EFC33500655DD2 /* UIViewController+UIAlertController.swift in Sources */ = {isa = PBXBuildFile; fileRef = 5CF9EFCD26EFC33500655DD2 /* UIViewController+UIAlertController.swift */; };
		5CFB9F5026E3AFF90095D548 /* UIView+Layout.swift in Sources */ = {isa = PBXBuildFile; fileRef = 5CFB9F4F26E3AFF90095D548 /* UIView+Layout.swift */; };
		8CC475C40541A9E8C5942F55 /* Pods_NewsApp.framework in Frameworks */ = {isa = PBXBuildFile; fileRef = 08021A5553E9BE722E1932DB /* Pods_NewsApp.framework */; };
/* End PBXBuildFile section */

/* Begin PBXFileReference section */
		08021A5553E9BE722E1932DB /* Pods_NewsApp.framework */ = {isa = PBXFileReference; explicitFileType = wrapper.framework; includeInIndex = 0; path = Pods_NewsApp.framework; sourceTree = BUILT_PRODUCTS_DIR; };
		407639DA0D7D4EB3E97F9563 /* Pods-NewsApp.debug.xcconfig */ = {isa = PBXFileReference; includeInIndex = 1; lastKnownFileType = text.xcconfig; name = "Pods-NewsApp.debug.xcconfig"; path = "Target Support Files/Pods-NewsApp/Pods-NewsApp.debug.xcconfig"; sourceTree = "<group>"; };
		5C141CE926ECEFBD0052028E /* TodayController.swift */ = {isa = PBXFileReference; lastKnownFileType = sourcecode.swift; path = TodayController.swift; sourceTree = "<group>"; };
		5C43A92D26E50BB5005FDD7B /* NewsData.swift */ = {isa = PBXFileReference; lastKnownFileType = sourcecode.swift; path = NewsData.swift; sourceTree = "<group>"; };
		5C43A93226E51185005FDD7B /* NetworkService.swift */ = {isa = PBXFileReference; lastKnownFileType = sourcecode.swift; path = NetworkService.swift; sourceTree = "<group>"; };
		5C4BADE326EA702C000620A1 /* UIColor+Extension.swift */ = {isa = PBXFileReference; lastKnownFileType = sourcecode.swift; path = "UIColor+Extension.swift"; sourceTree = "<group>"; };
		5C4BADE626EA7E93000620A1 /* WebNewsViewController.swift */ = {isa = PBXFileReference; lastKnownFileType = sourcecode.swift; path = WebNewsViewController.swift; sourceTree = "<group>"; };
		5C55A50F26F0EC79004B148F /* LoginViewController.swift */ = {isa = PBXFileReference; lastKnownFileType = sourcecode.swift; path = LoginViewController.swift; sourceTree = "<group>"; };
		5C55A52026F101ED004B148F /* ProfileVIewController.swift */ = {isa = PBXFileReference; lastKnownFileType = sourcecode.swift; path = ProfileVIewController.swift; sourceTree = "<group>"; };
		5C7098C626E9382100A8AEC5 /* Helpers.swift */ = {isa = PBXFileReference; lastKnownFileType = sourcecode.swift; path = Helpers.swift; sourceTree = "<group>"; };
		5C7098C926E93EB600A8AEC5 /* FloatingContainerView.swift */ = {isa = PBXFileReference; lastKnownFileType = sourcecode.swift; path = FloatingContainerView.swift; sourceTree = "<group>"; };
		5CA46EEF26E36DDC0031A540 /* NewsApp.app */ = {isa = PBXFileReference; explicitFileType = wrapper.application; includeInIndex = 0; path = NewsApp.app; sourceTree = BUILT_PRODUCTS_DIR; };
		5CA46EF226E36DDC0031A540 /* AppDelegate.swift */ = {isa = PBXFileReference; lastKnownFileType = sourcecode.swift; path = AppDelegate.swift; sourceTree = "<group>"; };
		5CA46EF426E36DDC0031A540 /* SceneDelegate.swift */ = {isa = PBXFileReference; lastKnownFileType = sourcecode.swift; path = SceneDelegate.swift; sourceTree = "<group>"; };
		5CA46EF626E36DDC0031A540 /* ViewController.swift */ = {isa = PBXFileReference; lastKnownFileType = sourcecode.swift; path = ViewController.swift; sourceTree = "<group>"; };
		5CA46EF926E36DDC0031A540 /* Base */ = {isa = PBXFileReference; lastKnownFileType = file.storyboard; name = Base; path = Base.lproj/Main.storyboard; sourceTree = "<group>"; };
		5CA46EFB26E36DDE0031A540 /* Assets.xcassets */ = {isa = PBXFileReference; lastKnownFileType = folder.assetcatalog; path = Assets.xcassets; sourceTree = "<group>"; };
		5CA46EFE26E36DDE0031A540 /* Base */ = {isa = PBXFileReference; lastKnownFileType = file.storyboard; name = Base; path = Base.lproj/LaunchScreen.storyboard; sourceTree = "<group>"; };
		5CA46F0026E36DDE0031A540 /* Info.plist */ = {isa = PBXFileReference; lastKnownFileType = text.plist.xml; path = Info.plist; sourceTree = "<group>"; };
		5CA46F0926E377A70031A540 /* BaseTabBarController.swift */ = {isa = PBXFileReference; lastKnownFileType = sourcecode.swift; path = BaseTabBarController.swift; sourceTree = "<group>"; };
		5CA46F0E26E37AAB0031A540 /* NewsSearchController.swift */ = {isa = PBXFileReference; lastKnownFileType = sourcecode.swift; path = NewsSearchController.swift; sourceTree = "<group>"; };
		5CA46F1526E37D390031A540 /* SearchCell.swift */ = {isa = PBXFileReference; lastKnownFileType = sourcecode.swift; path = SearchCell.swift; sourceTree = "<group>"; };
		5CA874BB26ECF32900ABA803 /* TodayCell.swift */ = {isa = PBXFileReference; lastKnownFileType = sourcecode.swift; path = TodayCell.swift; sourceTree = "<group>"; };
		5CB501D826E6513900246670 /* BaseCell.swift */ = {isa = PBXFileReference; lastKnownFileType = sourcecode.swift; path = BaseCell.swift; sourceTree = "<group>"; };
		5CB501DB26E655C700246670 /* ScopeOne-Regular.ttf */ = {isa = PBXFileReference; lastKnownFileType = file; path = "ScopeOne-Regular.ttf"; sourceTree = "<group>"; };
		5CB501E126E6716700246670 /* DetailsController.swift */ = {isa = PBXFileReference; lastKnownFileType = sourcecode.swift; path = DetailsController.swift; sourceTree = "<group>"; };
		5CB501E526E674B700246670 /* ImageHeaderCell.swift */ = {isa = PBXFileReference; lastKnownFileType = sourcecode.swift; path = ImageHeaderCell.swift; sourceTree = "<group>"; };
		5CB501E926E675DF00246670 /* NewsDetailCell.swift */ = {isa = PBXFileReference; lastKnownFileType = sourcecode.swift; path = NewsDetailCell.swift; sourceTree = "<group>"; };
		5CBF2FE626EE411E00DB1D89 /* WelcomeController.swift */ = {isa = PBXFileReference; lastKnownFileType = sourcecode.swift; path = WelcomeController.swift; sourceTree = "<group>"; };
		5CBF2FEE26EE4DEF00DB1D89 /* RegisterController.swift */ = {isa = PBXFileReference; lastKnownFileType = sourcecode.swift; path = RegisterController.swift; sourceTree = "<group>"; };
		5CE00E2C26F78F1B00BAFAAE /* CountryCell.swift */ = {isa = PBXFileReference; lastKnownFileType = sourcecode.swift; path = CountryCell.swift; sourceTree = "<group>"; };
		5CF9EFC926EFAD2900655DD2 /* KeychainManager.swift */ = {isa = PBXFileReference; lastKnownFileType = sourcecode.swift; path = KeychainManager.swift; sourceTree = "<group>"; };
		5CF9EFCD26EFC33500655DD2 /* UIViewController+UIAlertController.swift */ = {isa = PBXFileReference; lastKnownFileType = sourcecode.swift; path = "UIViewController+UIAlertController.swift"; sourceTree = "<group>"; };
		5CFB9F4F26E3AFF90095D548 /* UIView+Layout.swift */ = {isa = PBXFileReference; lastKnownFileType = sourcecode.swift; path = "UIView+Layout.swift"; sourceTree = "<group>"; };
		9B015C455B2417AF9A09A2E6 /* Pods-NewsApp.release.xcconfig */ = {isa = PBXFileReference; includeInIndex = 1; lastKnownFileType = text.xcconfig; name = "Pods-NewsApp.release.xcconfig"; path = "Target Support Files/Pods-NewsApp/Pods-NewsApp.release.xcconfig"; sourceTree = "<group>"; };
/* End PBXFileReference section */

/* Begin PBXFrameworksBuildPhase section */
		5CA46EEC26E36DDC0031A540 /* Frameworks */ = {
			isa = PBXFrameworksBuildPhase;
			buildActionMask = 2147483647;
			files = (
				8CC475C40541A9E8C5942F55 /* Pods_NewsApp.framework in Frameworks */,
			);
			runOnlyForDeploymentPostprocessing = 0;
		};
/* End PBXFrameworksBuildPhase section */

/* Begin PBXGroup section */
		5C141CE426ECD1CE0052028E /* WebNews Screen */ = {
			isa = PBXGroup;
			children = (
				5C4BADE626EA7E93000620A1 /* WebNewsViewController.swift */,
			);
			path = "WebNews Screen";
			sourceTree = "<group>";
		};
		5C141CE826ECEFA90052028E /* Today Screen */ = {
			isa = PBXGroup;
			children = (
				5C141CE926ECEFBD0052028E /* TodayController.swift */,
			);
			path = "Today Screen";
			sourceTree = "<group>";
		};
		5C43A92C26E50B5F005FDD7B /* Models */ = {
			isa = PBXGroup;
			children = (
				5C43A92D26E50BB5005FDD7B /* NewsData.swift */,
			);
			path = Models;
			sourceTree = "<group>";
		};
		5C43A93126E510B1005FDD7B /* Service */ = {
			isa = PBXGroup;
			children = (
				5C43A93226E51185005FDD7B /* NetworkService.swift */,
				5CF9EFC926EFAD2900655DD2 /* KeychainManager.swift */,
			);
			path = Service;
			sourceTree = "<group>";
		};
		5C55A51A26F10127004B148F /* Profile Screen */ = {
			isa = PBXGroup;
			children = (
				5C55A52026F101ED004B148F /* ProfileVIewController.swift */,
			);
			path = "Profile Screen";
			sourceTree = "<group>";
		};
		5CA46EE626E36DDC0031A540 = {
			isa = PBXGroup;
			children = (
				5CA46EF126E36DDC0031A540 /* NewsApp */,
				5CA46EF026E36DDC0031A540 /* Products */,
				F7AD8C88A7E5478B6C51A090 /* Pods */,
				B9516A629DA483510717AE30 /* Frameworks */,
			);
			sourceTree = "<group>";
		};
		5CA46EF026E36DDC0031A540 /* Products */ = {
			isa = PBXGroup;
			children = (
				5CA46EEF26E36DDC0031A540 /* NewsApp.app */,
			);
			name = Products;
			sourceTree = "<group>";
		};
		5CA46EF126E36DDC0031A540 /* NewsApp */ = {
			isa = PBXGroup;
			children = (
				5CB501DE26E6563E00246670 /* Resources */,
				5CFB9F4E26E3AFE00095D548 /* Helpers */,
				5C43A93126E510B1005FDD7B /* Service */,
				5C43A92C26E50B5F005FDD7B /* Models */,
				5CA46F1326E37D030031A540 /* Views */,
				5CA46F0726E3775C0031A540 /* Controllers */,
				5CA46EF226E36DDC0031A540 /* AppDelegate.swift */,
				5CA46EF426E36DDC0031A540 /* SceneDelegate.swift */,
				5CA46EF626E36DDC0031A540 /* ViewController.swift */,
				5CA46EF826E36DDC0031A540 /* Main.storyboard */,
				5CA46EFB26E36DDE0031A540 /* Assets.xcassets */,
				5CA46EFD26E36DDE0031A540 /* LaunchScreen.storyboard */,
				5CA46F0026E36DDE0031A540 /* Info.plist */,
			);
			path = NewsApp;
			sourceTree = "<group>";
		};
		5CA46F0726E3775C0031A540 /* Controllers */ = {
			isa = PBXGroup;
			children = (
				5C55A51A26F10127004B148F /* Profile Screen */,
				5CBF2FDF26EE40BC00DB1D89 /* Welcome Screen */,
				5C141CE826ECEFA90052028E /* Today Screen */,
				5CA46F0D26E37A8A0031A540 /* Search Screen */,
				5CB501EC26E6764A00246670 /* Details Screen */,
				5C141CE426ECD1CE0052028E /* WebNews Screen */,
				5CA46F0826E3776D0031A540 /* BaseController */,
			);
			path = Controllers;
			sourceTree = "<group>";
		};
		5CA46F0826E3776D0031A540 /* BaseController */ = {
			isa = PBXGroup;
			children = (
				5CA46F0926E377A70031A540 /* BaseTabBarController.swift */,
			);
			path = BaseController;
			sourceTree = "<group>";
		};
		5CA46F0D26E37A8A0031A540 /* Search Screen */ = {
			isa = PBXGroup;
			children = (
				5CA46F0E26E37AAB0031A540 /* NewsSearchController.swift */,
			);
			path = "Search Screen";
			sourceTree = "<group>";
		};
		5CA46F1326E37D030031A540 /* Views */ = {
			isa = PBXGroup;
			children = (
				5CA874BA26ECF31600ABA803 /* TodayCell */,
				5CA46F1426E37D0D0031A540 /* SearchCell */,
				5CB501E426E6746F00246670 /* DetailsCells */,
				5CB501D826E6513900246670 /* BaseCell.swift */,
				5CE00E2C26F78F1B00BAFAAE /* CountryCell.swift */,
			);
			path = Views;
			sourceTree = "<group>";
		};
		5CA46F1426E37D0D0031A540 /* SearchCell */ = {
			isa = PBXGroup;
			children = (
				5CA46F1526E37D390031A540 /* SearchCell.swift */,
			);
			path = SearchCell;
			sourceTree = "<group>";
		};
		5CA874BA26ECF31600ABA803 /* TodayCell */ = {
			isa = PBXGroup;
			children = (
				5CA874BB26ECF32900ABA803 /* TodayCell.swift */,
			);
			path = TodayCell;
			sourceTree = "<group>";
		};
		5CB501DE26E6563E00246670 /* Resources */ = {
			isa = PBXGroup;
			children = (
				5CB501DB26E655C700246670 /* ScopeOne-Regular.ttf */,
			);
			path = Resources;
			sourceTree = "<group>";
		};
		5CB501E426E6746F00246670 /* DetailsCells */ = {
			isa = PBXGroup;
			children = (
				5CB501E526E674B700246670 /* ImageHeaderCell.swift */,
				5CB501E926E675DF00246670 /* NewsDetailCell.swift */,
				5C7098C926E93EB600A8AEC5 /* FloatingContainerView.swift */,
			);
			path = DetailsCells;
			sourceTree = "<group>";
		};
		5CB501EC26E6764A00246670 /* Details Screen */ = {
			isa = PBXGroup;
			children = (
				5CB501E126E6716700246670 /* DetailsController.swift */,
			);
			path = "Details Screen";
			sourceTree = "<group>";
		};
		5CBF2FDF26EE40BC00DB1D89 /* Welcome Screen */ = {
			isa = PBXGroup;
			children = (
				5CBF2FE626EE411E00DB1D89 /* WelcomeController.swift */,
				5CBF2FEE26EE4DEF00DB1D89 /* RegisterController.swift */,
				5C55A50F26F0EC79004B148F /* LoginViewController.swift */,
			);
			path = "Welcome Screen";
			sourceTree = "<group>";
		};
		5CFB9F4E26E3AFE00095D548 /* Helpers */ = {
			isa = PBXGroup;
			children = (
				5CFB9F4F26E3AFF90095D548 /* UIView+Layout.swift */,
				5C7098C626E9382100A8AEC5 /* Helpers.swift */,
				5C4BADE326EA702C000620A1 /* UIColor+Extension.swift */,
				5CF9EFCD26EFC33500655DD2 /* UIViewController+UIAlertController.swift */,
			);
			path = Helpers;
			sourceTree = "<group>";
		};
		B9516A629DA483510717AE30 /* Frameworks */ = {
			isa = PBXGroup;
			children = (
				08021A5553E9BE722E1932DB /* Pods_NewsApp.framework */,
			);
			name = Frameworks;
			sourceTree = "<group>";
		};
		F7AD8C88A7E5478B6C51A090 /* Pods */ = {
			isa = PBXGroup;
			children = (
				407639DA0D7D4EB3E97F9563 /* Pods-NewsApp.debug.xcconfig */,
				9B015C455B2417AF9A09A2E6 /* Pods-NewsApp.release.xcconfig */,
			);
			path = Pods;
			sourceTree = "<group>";
		};
/* End PBXGroup section */

/* Begin PBXNativeTarget section */
		5CA46EEE26E36DDC0031A540 /* NewsApp */ = {
			isa = PBXNativeTarget;
			buildConfigurationList = 5CA46F0326E36DDE0031A540 /* Build configuration list for PBXNativeTarget "NewsApp" */;
			buildPhases = (
				51E5390ED44546FD364F6684 /* [CP] Check Pods Manifest.lock */,
				5CA46EEB26E36DDC0031A540 /* Sources */,
				5CA46EEC26E36DDC0031A540 /* Frameworks */,
				5CA46EED26E36DDC0031A540 /* Resources */,
				FF607D02BD3AE68B8BA71650 /* [CP] Embed Pods Frameworks */,
			);
			buildRules = (
			);
			dependencies = (
			);
			name = NewsApp;
			productName = NewsApp;
			productReference = 5CA46EEF26E36DDC0031A540 /* NewsApp.app */;
			productType = "com.apple.product-type.application";
		};
/* End PBXNativeTarget section */

/* Begin PBXProject section */
		5CA46EE726E36DDC0031A540 /* Project object */ = {
			isa = PBXProject;
			attributes = {
				LastSwiftUpdateCheck = 1240;
				LastUpgradeCheck = 1240;
				TargetAttributes = {
					5CA46EEE26E36DDC0031A540 = {
						CreatedOnToolsVersion = 12.4;
					};
				};
			};
			buildConfigurationList = 5CA46EEA26E36DDC0031A540 /* Build configuration list for PBXProject "NewsApp" */;
			compatibilityVersion = "Xcode 9.3";
			developmentRegion = en;
			hasScannedForEncodings = 0;
			knownRegions = (
				en,
				Base,
			);
			mainGroup = 5CA46EE626E36DDC0031A540;
			productRefGroup = 5CA46EF026E36DDC0031A540 /* Products */;
			projectDirPath = "";
			projectRoot = "";
			targets = (
				5CA46EEE26E36DDC0031A540 /* NewsApp */,
			);
		};
/* End PBXProject section */

/* Begin PBXResourcesBuildPhase section */
		5CA46EED26E36DDC0031A540 /* Resources */ = {
			isa = PBXResourcesBuildPhase;
			buildActionMask = 2147483647;
			files = (
				5CA46EFF26E36DDE0031A540 /* LaunchScreen.storyboard in Resources */,
				5CA46EFC26E36DDE0031A540 /* Assets.xcassets in Resources */,
				5CA46EFA26E36DDC0031A540 /* Main.storyboard in Resources */,
				5CB501DC26E655C700246670 /* ScopeOne-Regular.ttf in Resources */,
			);
			runOnlyForDeploymentPostprocessing = 0;
		};
/* End PBXResourcesBuildPhase section */

/* Begin PBXShellScriptBuildPhase section */
		51E5390ED44546FD364F6684 /* [CP] Check Pods Manifest.lock */ = {
			isa = PBXShellScriptBuildPhase;
			buildActionMask = 2147483647;
			files = (
			);
			inputFileListPaths = (
			);
			inputPaths = (
				"${PODS_PODFILE_DIR_PATH}/Podfile.lock",
				"${PODS_ROOT}/Manifest.lock",
			);
			name = "[CP] Check Pods Manifest.lock";
			outputFileListPaths = (
			);
			outputPaths = (
				"$(DERIVED_FILE_DIR)/Pods-NewsApp-checkManifestLockResult.txt",
			);
			runOnlyForDeploymentPostprocessing = 0;
			shellPath = /bin/sh;
			shellScript = "diff \"${PODS_PODFILE_DIR_PATH}/Podfile.lock\" \"${PODS_ROOT}/Manifest.lock\" > /dev/null\nif [ $? != 0 ] ; then\n    # print error to STDERR\n    echo \"error: The sandbox is not in sync with the Podfile.lock. Run 'pod install' or update your CocoaPods installation.\" >&2\n    exit 1\nfi\n# This output is used by Xcode 'outputs' to avoid re-running this script phase.\necho \"SUCCESS\" > \"${SCRIPT_OUTPUT_FILE_0}\"\n";
			showEnvVarsInLog = 0;
		};
		FF607D02BD3AE68B8BA71650 /* [CP] Embed Pods Frameworks */ = {
			isa = PBXShellScriptBuildPhase;
			buildActionMask = 2147483647;
			files = (
			);
			inputFileListPaths = (
				"${PODS_ROOT}/Target Support Files/Pods-NewsApp/Pods-NewsApp-frameworks-${CONFIGURATION}-input-files.xcfilelist",
			);
			name = "[CP] Embed Pods Frameworks";
			outputFileListPaths = (
				"${PODS_ROOT}/Target Support Files/Pods-NewsApp/Pods-NewsApp-frameworks-${CONFIGURATION}-output-files.xcfilelist",
			);
			runOnlyForDeploymentPostprocessing = 0;
			shellPath = /bin/sh;
			shellScript = "\"${PODS_ROOT}/Target Support Files/Pods-NewsApp/Pods-NewsApp-frameworks.sh\"\n";
			showEnvVarsInLog = 0;
		};
/* End PBXShellScriptBuildPhase section */

/* Begin PBXSourcesBuildPhase section */
		5CA46EEB26E36DDC0031A540 /* Sources */ = {
			isa = PBXSourcesBuildPhase;
			buildActionMask = 2147483647;
			files = (
				5CB501E626E674B700246670 /* ImageHeaderCell.swift in Sources */,
				5C7098C726E9382100A8AEC5 /* Helpers.swift in Sources */,
				5C4BADE726EA7E93000620A1 /* WebNewsViewController.swift in Sources */,
				5C43A92E26E50BB5005FDD7B /* NewsData.swift in Sources */,
				5C55A52126F101ED004B148F /* ProfileVIewController.swift in Sources */,
				5CB501E226E6716700246670 /* DetailsController.swift in Sources */,
				5CA46F0A26E377A70031A540 /* BaseTabBarController.swift in Sources */,
				5CBF2FE726EE411E00DB1D89 /* WelcomeController.swift in Sources */,
				5C7098CA26E93EB600A8AEC5 /* FloatingContainerView.swift in Sources */,
				5CA46F1626E37D390031A540 /* SearchCell.swift in Sources */,
				5C4BADE426EA702C000620A1 /* UIColor+Extension.swift in Sources */,
				5CA46EF726E36DDC0031A540 /* ViewController.swift in Sources */,
				5C43A93326E51185005FDD7B /* NetworkService.swift in Sources */,
				5C55A51026F0EC79004B148F /* LoginViewController.swift in Sources */,
				5CA46F0F26E37AAB0031A540 /* NewsSearchController.swift in Sources */,
				5CA874BC26ECF32900ABA803 /* TodayCell.swift in Sources */,
				5CA46EF326E36DDC0031A540 /* AppDelegate.swift in Sources */,
				5CB501EA26E675DF00246670 /* NewsDetailCell.swift in Sources */,
				5CFB9F5026E3AFF90095D548 /* UIView+Layout.swift in Sources */,
				5CF9EFCA26EFAD2900655DD2 /* KeychainManager.swift in Sources */,
				5CBF2FEF26EE4DEF00DB1D89 /* RegisterController.swift in Sources */,
				5CF9EFCE26EFC33500655DD2 /* UIViewController+UIAlertController.swift in Sources */,
				5CB501D926E6513900246670 /* BaseCell.swift in Sources */,
				5CA46EF526E36DDC0031A540 /* SceneDelegate.swift in Sources */,
				5CE00E2D26F78F1B00BAFAAE /* CountryCell.swift in Sources */,
				5C141CEA26ECEFBD0052028E /* TodayController.swift in Sources */,
			);
			runOnlyForDeploymentPostprocessing = 0;
		};
/* End PBXSourcesBuildPhase section */

/* Begin PBXVariantGroup section */
		5CA46EF826E36DDC0031A540 /* Main.storyboard */ = {
			isa = PBXVariantGroup;
			children = (
				5CA46EF926E36DDC0031A540 /* Base */,
			);
			name = Main.storyboard;
			sourceTree = "<group>";
		};
		5CA46EFD26E36DDE0031A540 /* LaunchScreen.storyboard */ = {
			isa = PBXVariantGroup;
			children = (
				5CA46EFE26E36DDE0031A540 /* Base */,
			);
			name = LaunchScreen.storyboard;
			sourceTree = "<group>";
		};
/* End PBXVariantGroup section */

/* Begin XCBuildConfiguration section */
		5CA46F0126E36DDE0031A540 /* Debug */ = {
			isa = XCBuildConfiguration;
			buildSettings = {
				ALWAYS_SEARCH_USER_PATHS = NO;
				CLANG_ANALYZER_NONNULL = YES;
				CLANG_ANALYZER_NUMBER_OBJECT_CONVERSION = YES_AGGRESSIVE;
				CLANG_CXX_LANGUAGE_STANDARD = "gnu++14";
				CLANG_CXX_LIBRARY = "libc++";
				CLANG_ENABLE_MODULES = YES;
				CLANG_ENABLE_OBJC_ARC = YES;
				CLANG_ENABLE_OBJC_WEAK = YES;
				CLANG_WARN_BLOCK_CAPTURE_AUTORELEASING = YES;
				CLANG_WARN_BOOL_CONVERSION = YES;
				CLANG_WARN_COMMA = YES;
				CLANG_WARN_CONSTANT_CONVERSION = YES;
				CLANG_WARN_DEPRECATED_OBJC_IMPLEMENTATIONS = YES;
				CLANG_WARN_DIRECT_OBJC_ISA_USAGE = YES_ERROR;
				CLANG_WARN_DOCUMENTATION_COMMENTS = YES;
				CLANG_WARN_EMPTY_BODY = YES;
				CLANG_WARN_ENUM_CONVERSION = YES;
				CLANG_WARN_INFINITE_RECURSION = YES;
				CLANG_WARN_INT_CONVERSION = YES;
				CLANG_WARN_NON_LITERAL_NULL_CONVERSION = YES;
				CLANG_WARN_OBJC_IMPLICIT_RETAIN_SELF = YES;
				CLANG_WARN_OBJC_LITERAL_CONVERSION = YES;
				CLANG_WARN_OBJC_ROOT_CLASS = YES_ERROR;
				CLANG_WARN_QUOTED_INCLUDE_IN_FRAMEWORK_HEADER = YES;
				CLANG_WARN_RANGE_LOOP_ANALYSIS = YES;
				CLANG_WARN_STRICT_PROTOTYPES = YES;
				CLANG_WARN_SUSPICIOUS_MOVE = YES;
				CLANG_WARN_UNGUARDED_AVAILABILITY = YES_AGGRESSIVE;
				CLANG_WARN_UNREACHABLE_CODE = YES;
				CLANG_WARN__DUPLICATE_METHOD_MATCH = YES;
				COPY_PHASE_STRIP = NO;
				DEBUG_INFORMATION_FORMAT = dwarf;
				ENABLE_STRICT_OBJC_MSGSEND = YES;
				ENABLE_TESTABILITY = YES;
				GCC_C_LANGUAGE_STANDARD = gnu11;
				GCC_DYNAMIC_NO_PIC = NO;
				GCC_NO_COMMON_BLOCKS = YES;
				GCC_OPTIMIZATION_LEVEL = 0;
				GCC_PREPROCESSOR_DEFINITIONS = (
					"DEBUG=1",
					"$(inherited)",
				);
				GCC_WARN_64_TO_32_BIT_CONVERSION = YES;
				GCC_WARN_ABOUT_RETURN_TYPE = YES_ERROR;
				GCC_WARN_UNDECLARED_SELECTOR = YES;
				GCC_WARN_UNINITIALIZED_AUTOS = YES_AGGRESSIVE;
				GCC_WARN_UNUSED_FUNCTION = YES;
				GCC_WARN_UNUSED_VARIABLE = YES;
				IPHONEOS_DEPLOYMENT_TARGET = 14.4;
				MTL_ENABLE_DEBUG_INFO = INCLUDE_SOURCE;
				MTL_FAST_MATH = YES;
				ONLY_ACTIVE_ARCH = YES;
				SDKROOT = iphoneos;
				SWIFT_ACTIVE_COMPILATION_CONDITIONS = DEBUG;
				SWIFT_OPTIMIZATION_LEVEL = "-Onone";
			};
			name = Debug;
		};
		5CA46F0226E36DDE0031A540 /* Release */ = {
			isa = XCBuildConfiguration;
			buildSettings = {
				ALWAYS_SEARCH_USER_PATHS = NO;
				CLANG_ANALYZER_NONNULL = YES;
				CLANG_ANALYZER_NUMBER_OBJECT_CONVERSION = YES_AGGRESSIVE;
				CLANG_CXX_LANGUAGE_STANDARD = "gnu++14";
				CLANG_CXX_LIBRARY = "libc++";
				CLANG_ENABLE_MODULES = YES;
				CLANG_ENABLE_OBJC_ARC = YES;
				CLANG_ENABLE_OBJC_WEAK = YES;
				CLANG_WARN_BLOCK_CAPTURE_AUTORELEASING = YES;
				CLANG_WARN_BOOL_CONVERSION = YES;
				CLANG_WARN_COMMA = YES;
				CLANG_WARN_CONSTANT_CONVERSION = YES;
				CLANG_WARN_DEPRECATED_OBJC_IMPLEMENTATIONS = YES;
				CLANG_WARN_DIRECT_OBJC_ISA_USAGE = YES_ERROR;
				CLANG_WARN_DOCUMENTATION_COMMENTS = YES;
				CLANG_WARN_EMPTY_BODY = YES;
				CLANG_WARN_ENUM_CONVERSION = YES;
				CLANG_WARN_INFINITE_RECURSION = YES;
				CLANG_WARN_INT_CONVERSION = YES;
				CLANG_WARN_NON_LITERAL_NULL_CONVERSION = YES;
				CLANG_WARN_OBJC_IMPLICIT_RETAIN_SELF = YES;
				CLANG_WARN_OBJC_LITERAL_CONVERSION = YES;
				CLANG_WARN_OBJC_ROOT_CLASS = YES_ERROR;
				CLANG_WARN_QUOTED_INCLUDE_IN_FRAMEWORK_HEADER = YES;
				CLANG_WARN_RANGE_LOOP_ANALYSIS = YES;
				CLANG_WARN_STRICT_PROTOTYPES = YES;
				CLANG_WARN_SUSPICIOUS_MOVE = YES;
				CLANG_WARN_UNGUARDED_AVAILABILITY = YES_AGGRESSIVE;
				CLANG_WARN_UNREACHABLE_CODE = YES;
				CLANG_WARN__DUPLICATE_METHOD_MATCH = YES;
				COPY_PHASE_STRIP = NO;
				DEBUG_INFORMATION_FORMAT = "dwarf-with-dsym";
				ENABLE_NS_ASSERTIONS = NO;
				ENABLE_STRICT_OBJC_MSGSEND = YES;
				GCC_C_LANGUAGE_STANDARD = gnu11;
				GCC_NO_COMMON_BLOCKS = YES;
				GCC_WARN_64_TO_32_BIT_CONVERSION = YES;
				GCC_WARN_ABOUT_RETURN_TYPE = YES_ERROR;
				GCC_WARN_UNDECLARED_SELECTOR = YES;
				GCC_WARN_UNINITIALIZED_AUTOS = YES_AGGRESSIVE;
				GCC_WARN_UNUSED_FUNCTION = YES;
				GCC_WARN_UNUSED_VARIABLE = YES;
				IPHONEOS_DEPLOYMENT_TARGET = 14.4;
				MTL_ENABLE_DEBUG_INFO = NO;
				MTL_FAST_MATH = YES;
				SDKROOT = iphoneos;
				SWIFT_COMPILATION_MODE = wholemodule;
				SWIFT_OPTIMIZATION_LEVEL = "-O";
				VALIDATE_PRODUCT = YES;
			};
			name = Release;
		};
		5CA46F0426E36DDE0031A540 /* Debug */ = {
			isa = XCBuildConfiguration;
			baseConfigurationReference = 407639DA0D7D4EB3E97F9563 /* Pods-NewsApp.debug.xcconfig */;
			buildSettings = {
				ASSETCATALOG_COMPILER_APPICON_NAME = AppIcon;
				ASSETCATALOG_COMPILER_GLOBAL_ACCENT_COLOR_NAME = AccentColor;
				CODE_SIGN_STYLE = Automatic;
				DEVELOPMENT_TEAM = 6UV36R5ZZ7;
				INFOPLIST_FILE = NewsApp/Info.plist;
				LD_RUNPATH_SEARCH_PATHS = (
					"$(inherited)",
					"@executable_path/Frameworks",
				);
				PRODUCT_BUNDLE_IDENTIFIER = KonstantinD.NewsApp;
				PRODUCT_NAME = "$(TARGET_NAME)";
				SWIFT_VERSION = 5.0;
				TARGETED_DEVICE_FAMILY = "1,2";
			};
			name = Debug;
		};
		5CA46F0526E36DDE0031A540 /* Release */ = {
			isa = XCBuildConfiguration;
			baseConfigurationReference = 9B015C455B2417AF9A09A2E6 /* Pods-NewsApp.release.xcconfig */;
			buildSettings = {
				ASSETCATALOG_COMPILER_APPICON_NAME = AppIcon;
				ASSETCATALOG_COMPILER_GLOBAL_ACCENT_COLOR_NAME = AccentColor;
				CODE_SIGN_STYLE = Automatic;
				DEVELOPMENT_TEAM = 6UV36R5ZZ7;
				INFOPLIST_FILE = NewsApp/Info.plist;
				LD_RUNPATH_SEARCH_PATHS = (
					"$(inherited)",
					"@executable_path/Frameworks",
				);
				PRODUCT_BUNDLE_IDENTIFIER = KonstantinD.NewsApp;
				PRODUCT_NAME = "$(TARGET_NAME)";
				SWIFT_VERSION = 5.0;
				TARGETED_DEVICE_FAMILY = "1,2";
			};
			name = Release;
		};
/* End XCBuildConfiguration section */

/* Begin XCConfigurationList section */
		5CA46EEA26E36DDC0031A540 /* Build configuration list for PBXProject "NewsApp" */ = {
			isa = XCConfigurationList;
			buildConfigurations = (
				5CA46F0126E36DDE0031A540 /* Debug */,
				5CA46F0226E36DDE0031A540 /* Release */,
			);
			defaultConfigurationIsVisible = 0;
			defaultConfigurationName = Release;
		};
		5CA46F0326E36DDE0031A540 /* Build configuration list for PBXNativeTarget "NewsApp" */ = {
			isa = XCConfigurationList;
			buildConfigurations = (
				5CA46F0426E36DDE0031A540 /* Debug */,
				5CA46F0526E36DDE0031A540 /* Release */,
			);
			defaultConfigurationIsVisible = 0;
			defaultConfigurationName = Release;
		};
/* End XCConfigurationList section */
	};
	rootObject = 5CA46EE726E36DDC0031A540 /* Project object */;
}
