// !$*UTF8*$!
{
	archiveVersion = 1;
	classes = {
	};
	objectVersion = 51;
	objects = {

/* Begin PBXBuildFile section */
		5C007449270B534900E92C66 /* Categories.swift in Sources */ = {isa = PBXBuildFile; fileRef = 5C007448270B534900E92C66 /* Categories.swift */; };
		5C10981C274A7E90000C0F16 /* User.swift in Sources */ = {isa = PBXBuildFile; fileRef = 5C10981B274A7E90000C0F16 /* User.swift */; };
		5C141CEA26ECEFBD0052028E /* TodayController.swift in Sources */ = {isa = PBXBuildFile; fileRef = 5C141CE926ECEFBD0052028E /* TodayController.swift */; };
		5C148E9626FDDAC500F465AC /* ProfileTableHeader.swift in Sources */ = {isa = PBXBuildFile; fileRef = 5C148E9526FDDAC500F465AC /* ProfileTableHeader.swift */; };
		5C16C7E8277A131900F96CE6 /* UITextField+Extension.swift in Sources */ = {isa = PBXBuildFile; fileRef = 5C16C7E7277A131900F96CE6 /* UITextField+Extension.swift */; };
		5C16C7EB277A1AF500F96CE6 /* UILabel+Extension.swift in Sources */ = {isa = PBXBuildFile; fileRef = 5C16C7EA277A1AF500F96CE6 /* UILabel+Extension.swift */; };
		5C17A35B2778CFE8002F8A8D /* RegisterResult.swift in Sources */ = {isa = PBXBuildFile; fileRef = 5C17A35A2778CFE7002F8A8D /* RegisterResult.swift */; };
		5C17A35E2778D3CC002F8A8D /* LoginControllerViewModel.swift in Sources */ = {isa = PBXBuildFile; fileRef = 5C17A35D2778D3CC002F8A8D /* LoginControllerViewModel.swift */; };
		5C17A3622778D67B002F8A8D /* LoginResult.swift in Sources */ = {isa = PBXBuildFile; fileRef = 5C17A3612778D67B002F8A8D /* LoginResult.swift */; };
		5C23AEED27662002006521BD /* Box.swift in Sources */ = {isa = PBXBuildFile; fileRef = 5C23AEEC27662002006521BD /* Box.swift */; };
		5C23AEF02766204B006521BD /* TodayCellViewModel.swift in Sources */ = {isa = PBXBuildFile; fileRef = 5C23AEEF2766204B006521BD /* TodayCellViewModel.swift */; };
		5C23AEF327662064006521BD /* TodayCellModel.swift in Sources */ = {isa = PBXBuildFile; fileRef = 5C23AEF227662064006521BD /* TodayCellModel.swift */; };
		5C24EEB3271899B100F302D0 /* BaseButton.swift in Sources */ = {isa = PBXBuildFile; fileRef = 5C24EEB2271899B100F302D0 /* BaseButton.swift */; };
		5C28A10A2731476500C100A4 /* StockHistoryData.swift in Sources */ = {isa = PBXBuildFile; fileRef = 5C28A1092731476500C100A4 /* StockHistoryData.swift */; };
		5C2DF30B27024B6B00D51EEE /* CategoriesViewController.swift in Sources */ = {isa = PBXBuildFile; fileRef = 5C2DF30A27024B6B00D51EEE /* CategoriesViewController.swift */; };
		5C307CA32702DEA1004BAF0D /* CategoriesCell.swift in Sources */ = {isa = PBXBuildFile; fileRef = 5C307CA22702DEA1004BAF0D /* CategoriesCell.swift */; };
		5C31FF6627286B7E0001E714 /* StockCompaniesCell.swift in Sources */ = {isa = PBXBuildFile; fileRef = 5C31FF6527286B7E0001E714 /* StockCompaniesCell.swift */; };
		5C38A806272ED5F7009B1535 /* StockChartViewController.swift in Sources */ = {isa = PBXBuildFile; fileRef = 5C38A805272ED5F7009B1535 /* StockChartViewController.swift */; };
		5C43A92E26E50BB5005FDD7B /* NewsData.swift in Sources */ = {isa = PBXBuildFile; fileRef = 5C43A92D26E50BB5005FDD7B /* NewsData.swift */; };
		5C43A93326E51185005FDD7B /* NetworkService.swift in Sources */ = {isa = PBXBuildFile; fileRef = 5C43A93226E51185005FDD7B /* NetworkService.swift */; };
		5C4867052709A0B20087A708 /* CategoryManager.swift in Sources */ = {isa = PBXBuildFile; fileRef = 5C4867042709A0B20087A708 /* CategoryManager.swift */; };
		5C4BADE426EA702C000620A1 /* UIColor+Extension.swift in Sources */ = {isa = PBXBuildFile; fileRef = 5C4BADE326EA702C000620A1 /* UIColor+Extension.swift */; };
		5C4BADE726EA7E93000620A1 /* WebNewsViewController.swift in Sources */ = {isa = PBXBuildFile; fileRef = 5C4BADE626EA7E93000620A1 /* WebNewsViewController.swift */; };
		5C55A51026F0EC79004B148F /* LoginViewController.swift in Sources */ = {isa = PBXBuildFile; fileRef = 5C55A50F26F0EC79004B148F /* LoginViewController.swift */; };
		5C55A52126F101ED004B148F /* ProfileViewController.swift in Sources */ = {isa = PBXBuildFile; fileRef = 5C55A52026F101ED004B148F /* ProfileViewController.swift */; };
		5C5A1BA9276B8DFC005FA529 /* FavouriteCategoriesViewModel.swift in Sources */ = {isa = PBXBuildFile; fileRef = 5C5A1BA8276B8DFC005FA529 /* FavouriteCategoriesViewModel.swift */; };
		5C5A1BAC276B9990005FA529 /* FullSceenCategoriesViewModel.swift in Sources */ = {isa = PBXBuildFile; fileRef = 5C5A1BAB276B9990005FA529 /* FullSceenCategoriesViewModel.swift */; };
		5C5A1BAF276B9F9F005FA529 /* NewsCellModel.swift in Sources */ = {isa = PBXBuildFile; fileRef = 5C5A1BAE276B9F9F005FA529 /* NewsCellModel.swift */; };
		5C5A1BB2276BA751005FA529 /* FavoriteCategoryNewsCell.swift in Sources */ = {isa = PBXBuildFile; fileRef = 5C5A1BB1276BA751005FA529 /* FavoriteCategoryNewsCell.swift */; };
		5C61F62C2721C3B200C6D369 /* StockPageHeader.swift in Sources */ = {isa = PBXBuildFile; fileRef = 5C61F62B2721C3B200C6D369 /* StockPageHeader.swift */; };
		5C61F62F2721C4A100C6D369 /* StockHeaderHorizontalController.swift in Sources */ = {isa = PBXBuildFile; fileRef = 5C61F62E2721C4A100C6D369 /* StockHeaderHorizontalController.swift */; };
		5C61F6322721C58C00C6D369 /* StockHeaderCell.swift in Sources */ = {isa = PBXBuildFile; fileRef = 5C61F6312721C58C00C6D369 /* StockHeaderCell.swift */; };
		5C664318270E0FE900C4F297 /* FullScreenCategoriesViewController.swift in Sources */ = {isa = PBXBuildFile; fileRef = 5C664317270E0FE900C4F297 /* FullScreenCategoriesViewController.swift */; };
		5C7098C726E9382100A8AEC5 /* Helpers.swift in Sources */ = {isa = PBXBuildFile; fileRef = 5C7098C626E9382100A8AEC5 /* Helpers.swift */; };
		5C7098CA26E93EB600A8AEC5 /* FloatingContainerView.swift in Sources */ = {isa = PBXBuildFile; fileRef = 5C7098C926E93EB600A8AEC5 /* FloatingContainerView.swift */; };
		5C75F8762733CAF0001F2B80 /* GoogleService-Info.plist in Resources */ = {isa = PBXBuildFile; fileRef = 5C75F8752733CAF0001F2B80 /* GoogleService-Info.plist */; };
		5C7C3D40272D676A00FD0453 /* StockCompanies.swift in Sources */ = {isa = PBXBuildFile; fileRef = 5C7C3D3F272D676A00FD0453 /* StockCompanies.swift */; };
		5C7D6D6C277380000069BE08 /* WelcomeControllerViewModel.swift in Sources */ = {isa = PBXBuildFile; fileRef = 5C7D6D6B277380000069BE08 /* WelcomeControllerViewModel.swift */; };
		5C7D6D6F2773841E0069BE08 /* RegisterControllerViewModel.swift in Sources */ = {isa = PBXBuildFile; fileRef = 5C7D6D6E2773841E0069BE08 /* RegisterControllerViewModel.swift */; };
		5C83CBB22729A90D001A42DF /* StockCompaniesViewController.swift in Sources */ = {isa = PBXBuildFile; fileRef = 5C83CBB12729A90D001A42DF /* StockCompaniesViewController.swift */; };
		5C83CBB52729AA3E001A42DF /* StockCell.swift in Sources */ = {isa = PBXBuildFile; fileRef = 5C83CBB42729AA3E001A42DF /* StockCell.swift */; };
		5C8917B42767A68800927EE9 /* StockHeaderCellModel.swift in Sources */ = {isa = PBXBuildFile; fileRef = 5C8917B32767A68800927EE9 /* StockHeaderCellModel.swift */; };
		5C8917C82767BE6400927EE9 /* BaseActivityIndicator.swift in Sources */ = {isa = PBXBuildFile; fileRef = 5C8917C72767BE6400927EE9 /* BaseActivityIndicator.swift */; };
		5C89366927398A7F006A8ECD /* VerificationAlertView.swift in Sources */ = {isa = PBXBuildFile; fileRef = 5C89366827398A7F006A8ECD /* VerificationAlertView.swift */; };
		5C8A73EE2712EA2C00AFFA76 /* NewsSearchCell.swift in Sources */ = {isa = PBXBuildFile; fileRef = 5C8A73ED2712EA2C00AFFA76 /* NewsSearchCell.swift */; };
		5C8A73F22713016600AFFA76 /* TableDetailsController.swift in Sources */ = {isa = PBXBuildFile; fileRef = 5C8A73F12713016600AFFA76 /* TableDetailsController.swift */; };
		5C8A73F52713033900AFFA76 /* ImageHeaderTableCell.swift in Sources */ = {isa = PBXBuildFile; fileRef = 5C8A73F42713033900AFFA76 /* ImageHeaderTableCell.swift */; };
		5C8A73F82713039A00AFFA76 /* NewsDetailTableCell.swift in Sources */ = {isa = PBXBuildFile; fileRef = 5C8A73F72713039A00AFFA76 /* NewsDetailTableCell.swift */; };
		5C8B22E227232962005ABD88 /* StockData.swift in Sources */ = {isa = PBXBuildFile; fileRef = 5C8B22E127232962005ABD88 /* StockData.swift */; };
		5C8B46F327469D9900206D07 /* DefaultParameters.swift in Sources */ = {isa = PBXBuildFile; fileRef = 5C8B46F227469D9900206D07 /* DefaultParameters.swift */; };
		5CA46EF326E36DDC0031A540 /* AppDelegate.swift in Sources */ = {isa = PBXBuildFile; fileRef = 5CA46EF226E36DDC0031A540 /* AppDelegate.swift */; };
		5CA46EF526E36DDC0031A540 /* SceneDelegate.swift in Sources */ = {isa = PBXBuildFile; fileRef = 5CA46EF426E36DDC0031A540 /* SceneDelegate.swift */; };
		5CA46EF726E36DDC0031A540 /* ViewController.swift in Sources */ = {isa = PBXBuildFile; fileRef = 5CA46EF626E36DDC0031A540 /* ViewController.swift */; };
		5CA46EFA26E36DDC0031A540 /* Main.storyboard in Resources */ = {isa = PBXBuildFile; fileRef = 5CA46EF826E36DDC0031A540 /* Main.storyboard */; };
		5CA46EFC26E36DDE0031A540 /* Assets.xcassets in Resources */ = {isa = PBXBuildFile; fileRef = 5CA46EFB26E36DDE0031A540 /* Assets.xcassets */; };
		5CA46EFF26E36DDE0031A540 /* LaunchScreen.storyboard in Resources */ = {isa = PBXBuildFile; fileRef = 5CA46EFD26E36DDE0031A540 /* LaunchScreen.storyboard */; };
		5CA46F0A26E377A70031A540 /* BaseTabBarController.swift in Sources */ = {isa = PBXBuildFile; fileRef = 5CA46F0926E377A70031A540 /* BaseTabBarController.swift */; };
		5CA46F0F26E37AAB0031A540 /* NewsSearchController.swift in Sources */ = {isa = PBXBuildFile; fileRef = 5CA46F0E26E37AAB0031A540 /* NewsSearchController.swift */; };
		5CA874BC26ECF32900ABA803 /* TodayCell.swift in Sources */ = {isa = PBXBuildFile; fileRef = 5CA874BB26ECF32900ABA803 /* TodayCell.swift */; };
		5CB501D926E6513900246670 /* BaseCell.swift in Sources */ = {isa = PBXBuildFile; fileRef = 5CB501D826E6513900246670 /* BaseCell.swift */; };
		5CB501DC26E655C700246670 /* ScopeOne-Regular.ttf in Resources */ = {isa = PBXBuildFile; fileRef = 5CB501DB26E655C700246670 /* ScopeOne-Regular.ttf */; };
		5CB501E226E6716700246670 /* DetailsController.swift in Sources */ = {isa = PBXBuildFile; fileRef = 5CB501E126E6716700246670 /* DetailsController.swift */; };
		5CB501E626E674B700246670 /* ImageHeaderCell.swift in Sources */ = {isa = PBXBuildFile; fileRef = 5CB501E526E674B700246670 /* ImageHeaderCell.swift */; };
		5CB501EA26E675DF00246670 /* NewsDetailCell.swift in Sources */ = {isa = PBXBuildFile; fileRef = 5CB501E926E675DF00246670 /* NewsDetailCell.swift */; };
		5CBA4EB6273C28B700FC2505 /* CircularImageView.swift in Sources */ = {isa = PBXBuildFile; fileRef = 5CBA4EB5273C28B700FC2505 /* CircularImageView.swift */; };
		5CBA606626FA412300A81A53 /* CountrySection.swift in Sources */ = {isa = PBXBuildFile; fileRef = 5CBA606526FA412300A81A53 /* CountrySection.swift */; };
		5CBA606926FA432B00A81A53 /* ChooseCountryCell.swift in Sources */ = {isa = PBXBuildFile; fileRef = 5CBA606826FA432B00A81A53 /* ChooseCountryCell.swift */; };
		5CBB48BD276A4439005F2F69 /* UIView+Extension.swift in Sources */ = {isa = PBXBuildFile; fileRef = 5CBB48BC276A4439005F2F69 /* UIView+Extension.swift */; };
		5CBF2FE726EE411E00DB1D89 /* WelcomeController.swift in Sources */ = {isa = PBXBuildFile; fileRef = 5CBF2FE626EE411E00DB1D89 /* WelcomeController.swift */; };
		5CBF2FEF26EE4DEF00DB1D89 /* RegisterController.swift in Sources */ = {isa = PBXBuildFile; fileRef = 5CBF2FEE26EE4DEF00DB1D89 /* RegisterController.swift */; };
		5CC07476272876B00083D6B8 /* FavouriteCategoriesCell.swift in Sources */ = {isa = PBXBuildFile; fileRef = 5CC07475272876B00083D6B8 /* FavouriteCategoriesCell.swift */; };
		5CCC7B372738189900F63437 /* VerificationController.swift in Sources */ = {isa = PBXBuildFile; fileRef = 5CCC7B362738189900F63437 /* VerificationController.swift */; };
		5CD683A22770E43500C6EBA5 /* NewsSearchControllerViewModel.swift in Sources */ = {isa = PBXBuildFile; fileRef = 5CD683A12770E43500C6EBA5 /* NewsSearchControllerViewModel.swift */; };
		5CE00E2D26F78F1B00BAFAAE /* CountryCell.swift in Sources */ = {isa = PBXBuildFile; fileRef = 5CE00E2C26F78F1B00BAFAAE /* CountryCell.swift */; };
		5CE2D6C2270392B300362909 /* FavouriteCategoriesViewController.swift in Sources */ = {isa = PBXBuildFile; fileRef = 5CE2D6C1270392B300362909 /* FavouriteCategoriesViewController.swift */; };
		5CE2D6C62703939900362909 /* FavoriteCategoriesCell.swift in Sources */ = {isa = PBXBuildFile; fileRef = 5CE2D6C52703939900362909 /* FavoriteCategoriesCell.swift */; };
		5CE576EF2701EFAB00D24069 /* ProfileTableFooter.swift in Sources */ = {isa = PBXBuildFile; fileRef = 5CE576EE2701EFAB00D24069 /* ProfileTableFooter.swift */; };
		5CF9EFCA26EFAD2900655DD2 /* AppSettingsManager.swift in Sources */ = {isa = PBXBuildFile; fileRef = 5CF9EFC926EFAD2900655DD2 /* AppSettingsManager.swift */; };
		5CF9EFCE26EFC33500655DD2 /* UIViewController+UIAlertController.swift in Sources */ = {isa = PBXBuildFile; fileRef = 5CF9EFCD26EFC33500655DD2 /* UIViewController+UIAlertController.swift */; };
		5CFB9F5026E3AFF90095D548 /* UIView+Layout.swift in Sources */ = {isa = PBXBuildFile; fileRef = 5CFB9F4F26E3AFF90095D548 /* UIView+Layout.swift */; };
		8CC475C40541A9E8C5942F55 /* Pods_NewsApp.framework in Frameworks */ = {isa = PBXBuildFile; fileRef = 08021A5553E9BE722E1932DB /* Pods_NewsApp.framework */; };
/* End PBXBuildFile section */

/* Begin PBXFileReference section */
		08021A5553E9BE722E1932DB /* Pods_NewsApp.framework */ = {isa = PBXFileReference; explicitFileType = wrapper.framework; includeInIndex = 0; path = Pods_NewsApp.framework; sourceTree = BUILT_PRODUCTS_DIR; };
		407639DA0D7D4EB3E97F9563 /* Pods-NewsApp.debug.xcconfig */ = {isa = PBXFileReference; includeInIndex = 1; lastKnownFileType = text.xcconfig; name = "Pods-NewsApp.debug.xcconfig"; path = "Target Support Files/Pods-NewsApp/Pods-NewsApp.debug.xcconfig"; sourceTree = "<group>"; };
		5C007448270B534900E92C66 /* Categories.swift */ = {isa = PBXFileReference; lastKnownFileType = sourcecode.swift; path = Categories.swift; sourceTree = "<group>"; };
		5C10981B274A7E90000C0F16 /* User.swift */ = {isa = PBXFileReference; lastKnownFileType = sourcecode.swift; path = User.swift; sourceTree = "<group>"; };
		5C141CE926ECEFBD0052028E /* TodayController.swift */ = {isa = PBXFileReference; lastKnownFileType = sourcecode.swift; path = TodayController.swift; sourceTree = "<group>"; };
		5C148E9526FDDAC500F465AC /* ProfileTableHeader.swift */ = {isa = PBXFileReference; lastKnownFileType = sourcecode.swift; path = ProfileTableHeader.swift; sourceTree = "<group>"; };
		5C16C7E7277A131900F96CE6 /* UITextField+Extension.swift */ = {isa = PBXFileReference; lastKnownFileType = sourcecode.swift; path = "UITextField+Extension.swift"; sourceTree = "<group>"; };
		5C16C7EA277A1AF500F96CE6 /* UILabel+Extension.swift */ = {isa = PBXFileReference; lastKnownFileType = sourcecode.swift; path = "UILabel+Extension.swift"; sourceTree = "<group>"; };
		5C17A35A2778CFE7002F8A8D /* RegisterResult.swift */ = {isa = PBXFileReference; lastKnownFileType = sourcecode.swift; path = RegisterResult.swift; sourceTree = "<group>"; };
		5C17A35D2778D3CC002F8A8D /* LoginControllerViewModel.swift */ = {isa = PBXFileReference; lastKnownFileType = sourcecode.swift; path = LoginControllerViewModel.swift; sourceTree = "<group>"; };
		5C17A3612778D67B002F8A8D /* LoginResult.swift */ = {isa = PBXFileReference; lastKnownFileType = sourcecode.swift; path = LoginResult.swift; sourceTree = "<group>"; };
		5C23AEEC27662002006521BD /* Box.swift */ = {isa = PBXFileReference; lastKnownFileType = sourcecode.swift; path = Box.swift; sourceTree = "<group>"; };
		5C23AEEF2766204B006521BD /* TodayCellViewModel.swift */ = {isa = PBXFileReference; lastKnownFileType = sourcecode.swift; path = TodayCellViewModel.swift; sourceTree = "<group>"; };
		5C23AEF227662064006521BD /* TodayCellModel.swift */ = {isa = PBXFileReference; lastKnownFileType = sourcecode.swift; path = TodayCellModel.swift; sourceTree = "<group>"; };
		5C24EEB2271899B100F302D0 /* BaseButton.swift */ = {isa = PBXFileReference; lastKnownFileType = sourcecode.swift; path = BaseButton.swift; sourceTree = "<group>"; };
		5C28A1092731476500C100A4 /* StockHistoryData.swift */ = {isa = PBXFileReference; lastKnownFileType = sourcecode.swift; path = StockHistoryData.swift; sourceTree = "<group>"; };
		5C2DF30A27024B6B00D51EEE /* CategoriesViewController.swift */ = {isa = PBXFileReference; lastKnownFileType = sourcecode.swift; path = CategoriesViewController.swift; sourceTree = "<group>"; };
		5C307CA22702DEA1004BAF0D /* CategoriesCell.swift */ = {isa = PBXFileReference; lastKnownFileType = sourcecode.swift; path = CategoriesCell.swift; sourceTree = "<group>"; };
		5C31FF6527286B7E0001E714 /* StockCompaniesCell.swift */ = {isa = PBXFileReference; lastKnownFileType = sourcecode.swift; path = StockCompaniesCell.swift; sourceTree = "<group>"; };
		5C38A805272ED5F7009B1535 /* StockChartViewController.swift */ = {isa = PBXFileReference; lastKnownFileType = sourcecode.swift; path = StockChartViewController.swift; sourceTree = "<group>"; };
		5C43A92D26E50BB5005FDD7B /* NewsData.swift */ = {isa = PBXFileReference; lastKnownFileType = sourcecode.swift; path = NewsData.swift; sourceTree = "<group>"; };
		5C43A93226E51185005FDD7B /* NetworkService.swift */ = {isa = PBXFileReference; lastKnownFileType = sourcecode.swift; path = NetworkService.swift; sourceTree = "<group>"; };
		5C4867042709A0B20087A708 /* CategoryManager.swift */ = {isa = PBXFileReference; lastKnownFileType = sourcecode.swift; path = CategoryManager.swift; sourceTree = "<group>"; };
		5C4BADE326EA702C000620A1 /* UIColor+Extension.swift */ = {isa = PBXFileReference; lastKnownFileType = sourcecode.swift; path = "UIColor+Extension.swift"; sourceTree = "<group>"; };
		5C4BADE626EA7E93000620A1 /* WebNewsViewController.swift */ = {isa = PBXFileReference; lastKnownFileType = sourcecode.swift; path = WebNewsViewController.swift; sourceTree = "<group>"; };
		5C55A50F26F0EC79004B148F /* LoginViewController.swift */ = {isa = PBXFileReference; lastKnownFileType = sourcecode.swift; path = LoginViewController.swift; sourceTree = "<group>"; };
		5C55A52026F101ED004B148F /* ProfileViewController.swift */ = {isa = PBXFileReference; lastKnownFileType = sourcecode.swift; path = ProfileViewController.swift; sourceTree = "<group>"; };
		5C5A1BA8276B8DFC005FA529 /* FavouriteCategoriesViewModel.swift */ = {isa = PBXFileReference; lastKnownFileType = sourcecode.swift; path = FavouriteCategoriesViewModel.swift; sourceTree = "<group>"; };
		5C5A1BAB276B9990005FA529 /* FullSceenCategoriesViewModel.swift */ = {isa = PBXFileReference; lastKnownFileType = sourcecode.swift; path = FullSceenCategoriesViewModel.swift; sourceTree = "<group>"; };
		5C5A1BAE276B9F9F005FA529 /* NewsCellModel.swift */ = {isa = PBXFileReference; lastKnownFileType = sourcecode.swift; path = NewsCellModel.swift; sourceTree = "<group>"; };
		5C5A1BB1276BA751005FA529 /* FavoriteCategoryNewsCell.swift */ = {isa = PBXFileReference; lastKnownFileType = sourcecode.swift; path = FavoriteCategoryNewsCell.swift; sourceTree = "<group>"; };
		5C61F62B2721C3B200C6D369 /* StockPageHeader.swift */ = {isa = PBXFileReference; lastKnownFileType = sourcecode.swift; path = StockPageHeader.swift; sourceTree = "<group>"; };
		5C61F62E2721C4A100C6D369 /* StockHeaderHorizontalController.swift */ = {isa = PBXFileReference; lastKnownFileType = sourcecode.swift; path = StockHeaderHorizontalController.swift; sourceTree = "<group>"; };
		5C61F6312721C58C00C6D369 /* StockHeaderCell.swift */ = {isa = PBXFileReference; lastKnownFileType = sourcecode.swift; path = StockHeaderCell.swift; sourceTree = "<group>"; };
		5C664317270E0FE900C4F297 /* FullScreenCategoriesViewController.swift */ = {isa = PBXFileReference; lastKnownFileType = sourcecode.swift; path = FullScreenCategoriesViewController.swift; sourceTree = "<group>"; };
		5C7098C626E9382100A8AEC5 /* Helpers.swift */ = {isa = PBXFileReference; lastKnownFileType = sourcecode.swift; path = Helpers.swift; sourceTree = "<group>"; };
		5C7098C926E93EB600A8AEC5 /* FloatingContainerView.swift */ = {isa = PBXFileReference; lastKnownFileType = sourcecode.swift; path = FloatingContainerView.swift; sourceTree = "<group>"; };
		5C75F8752733CAF0001F2B80 /* GoogleService-Info.plist */ = {isa = PBXFileReference; fileEncoding = 4; lastKnownFileType = text.plist.xml; path = "GoogleService-Info.plist"; sourceTree = "<group>"; };
		5C7C3D3F272D676A00FD0453 /* StockCompanies.swift */ = {isa = PBXFileReference; lastKnownFileType = sourcecode.swift; path = StockCompanies.swift; sourceTree = "<group>"; };
		5C7D6D6B277380000069BE08 /* WelcomeControllerViewModel.swift */ = {isa = PBXFileReference; lastKnownFileType = sourcecode.swift; path = WelcomeControllerViewModel.swift; sourceTree = "<group>"; };
		5C7D6D6E2773841E0069BE08 /* RegisterControllerViewModel.swift */ = {isa = PBXFileReference; lastKnownFileType = sourcecode.swift; path = RegisterControllerViewModel.swift; sourceTree = "<group>"; };
		5C83CBB12729A90D001A42DF /* StockCompaniesViewController.swift */ = {isa = PBXFileReference; lastKnownFileType = sourcecode.swift; path = StockCompaniesViewController.swift; sourceTree = "<group>"; };
		5C83CBB42729AA3E001A42DF /* StockCell.swift */ = {isa = PBXFileReference; lastKnownFileType = sourcecode.swift; path = StockCell.swift; sourceTree = "<group>"; };
		5C8917B32767A68800927EE9 /* StockHeaderCellModel.swift */ = {isa = PBXFileReference; lastKnownFileType = sourcecode.swift; path = StockHeaderCellModel.swift; sourceTree = "<group>"; };
		5C8917C72767BE6400927EE9 /* BaseActivityIndicator.swift */ = {isa = PBXFileReference; lastKnownFileType = sourcecode.swift; path = BaseActivityIndicator.swift; sourceTree = "<group>"; };
		5C89366827398A7F006A8ECD /* VerificationAlertView.swift */ = {isa = PBXFileReference; lastKnownFileType = sourcecode.swift; path = VerificationAlertView.swift; sourceTree = "<group>"; };
		5C8A73ED2712EA2C00AFFA76 /* NewsSearchCell.swift */ = {isa = PBXFileReference; lastKnownFileType = sourcecode.swift; path = NewsSearchCell.swift; sourceTree = "<group>"; };
		5C8A73F12713016600AFFA76 /* TableDetailsController.swift */ = {isa = PBXFileReference; lastKnownFileType = sourcecode.swift; path = TableDetailsController.swift; sourceTree = "<group>"; };
		5C8A73F42713033900AFFA76 /* ImageHeaderTableCell.swift */ = {isa = PBXFileReference; lastKnownFileType = sourcecode.swift; path = ImageHeaderTableCell.swift; sourceTree = "<group>"; };
		5C8A73F72713039A00AFFA76 /* NewsDetailTableCell.swift */ = {isa = PBXFileReference; lastKnownFileType = sourcecode.swift; path = NewsDetailTableCell.swift; sourceTree = "<group>"; };
		5C8B22E127232962005ABD88 /* StockData.swift */ = {isa = PBXFileReference; lastKnownFileType = sourcecode.swift; path = StockData.swift; sourceTree = "<group>"; };
		5C8B46F227469D9900206D07 /* DefaultParameters.swift */ = {isa = PBXFileReference; lastKnownFileType = sourcecode.swift; path = DefaultParameters.swift; sourceTree = "<group>"; };
		5CA46EEF26E36DDC0031A540 /* NewsApp.app */ = {isa = PBXFileReference; explicitFileType = wrapper.application; includeInIndex = 0; path = NewsApp.app; sourceTree = BUILT_PRODUCTS_DIR; };
		5CA46EF226E36DDC0031A540 /* AppDelegate.swift */ = {isa = PBXFileReference; lastKnownFileType = sourcecode.swift; path = AppDelegate.swift; sourceTree = "<group>"; };
		5CA46EF426E36DDC0031A540 /* SceneDelegate.swift */ = {isa = PBXFileReference; lastKnownFileType = sourcecode.swift; path = SceneDelegate.swift; sourceTree = "<group>"; };
		5CA46EF626E36DDC0031A540 /* ViewController.swift */ = {isa = PBXFileReference; lastKnownFileType = sourcecode.swift; path = ViewController.swift; sourceTree = "<group>"; };
		5CA46EF926E36DDC0031A540 /* Base */ = {isa = PBXFileReference; lastKnownFileType = file.storyboard; name = Base; path = Base.lproj/Main.storyboard; sourceTree = "<group>"; };
		5CA46EFB26E36DDE0031A540 /* Assets.xcassets */ = {isa = PBXFileReference; lastKnownFileType = folder.assetcatalog; path = Assets.xcassets; sourceTree = "<group>"; };
		5CA46EFE26E36DDE0031A540 /* Base */ = {isa = PBXFileReference; lastKnownFileType = file.storyboard; name = Base; path = Base.lproj/LaunchScreen.storyboard; sourceTree = "<group>"; };
		5CA46F0026E36DDE0031A540 /* Info.plist */ = {isa = PBXFileReference; lastKnownFileType = text.plist.xml; path = Info.plist; sourceTree = "<group>"; };
		5CA46F0926E377A70031A540 /* BaseTabBarController.swift */ = {isa = PBXFileReference; lastKnownFileType = sourcecode.swift; path = BaseTabBarController.swift; sourceTree = "<group>"; };
		5CA46F0E26E37AAB0031A540 /* NewsSearchController.swift */ = {isa = PBXFileReference; lastKnownFileType = sourcecode.swift; path = NewsSearchController.swift; sourceTree = "<group>"; };
		5CA874BB26ECF32900ABA803 /* TodayCell.swift */ = {isa = PBXFileReference; lastKnownFileType = sourcecode.swift; path = TodayCell.swift; sourceTree = "<group>"; };
		5CB501D826E6513900246670 /* BaseCell.swift */ = {isa = PBXFileReference; lastKnownFileType = sourcecode.swift; path = BaseCell.swift; sourceTree = "<group>"; };
		5CB501DB26E655C700246670 /* ScopeOne-Regular.ttf */ = {isa = PBXFileReference; lastKnownFileType = file; path = "ScopeOne-Regular.ttf"; sourceTree = "<group>"; };
		5CB501E126E6716700246670 /* DetailsController.swift */ = {isa = PBXFileReference; lastKnownFileType = sourcecode.swift; path = DetailsController.swift; sourceTree = "<group>"; };
		5CB501E526E674B700246670 /* ImageHeaderCell.swift */ = {isa = PBXFileReference; lastKnownFileType = sourcecode.swift; path = ImageHeaderCell.swift; sourceTree = "<group>"; };
		5CB501E926E675DF00246670 /* NewsDetailCell.swift */ = {isa = PBXFileReference; lastKnownFileType = sourcecode.swift; path = NewsDetailCell.swift; sourceTree = "<group>"; };
		5CBA4EB5273C28B700FC2505 /* CircularImageView.swift */ = {isa = PBXFileReference; lastKnownFileType = sourcecode.swift; path = CircularImageView.swift; sourceTree = "<group>"; };
		5CBA606526FA412300A81A53 /* CountrySection.swift */ = {isa = PBXFileReference; lastKnownFileType = sourcecode.swift; path = CountrySection.swift; sourceTree = "<group>"; };
		5CBA606826FA432B00A81A53 /* ChooseCountryCell.swift */ = {isa = PBXFileReference; lastKnownFileType = sourcecode.swift; path = ChooseCountryCell.swift; sourceTree = "<group>"; };
		5CBB48BC276A4439005F2F69 /* UIView+Extension.swift */ = {isa = PBXFileReference; lastKnownFileType = sourcecode.swift; path = "UIView+Extension.swift"; sourceTree = "<group>"; };
		5CBF2FE626EE411E00DB1D89 /* WelcomeController.swift */ = {isa = PBXFileReference; lastKnownFileType = sourcecode.swift; path = WelcomeController.swift; sourceTree = "<group>"; };
		5CBF2FEE26EE4DEF00DB1D89 /* RegisterController.swift */ = {isa = PBXFileReference; lastKnownFileType = sourcecode.swift; path = RegisterController.swift; sourceTree = "<group>"; };
		5CC07475272876B00083D6B8 /* FavouriteCategoriesCell.swift */ = {isa = PBXFileReference; lastKnownFileType = sourcecode.swift; path = FavouriteCategoriesCell.swift; sourceTree = "<group>"; };
		5CCC7B362738189900F63437 /* VerificationController.swift */ = {isa = PBXFileReference; lastKnownFileType = sourcecode.swift; path = VerificationController.swift; sourceTree = "<group>"; };
		5CD683A12770E43500C6EBA5 /* NewsSearchControllerViewModel.swift */ = {isa = PBXFileReference; lastKnownFileType = sourcecode.swift; path = NewsSearchControllerViewModel.swift; sourceTree = "<group>"; };
		5CE00E2C26F78F1B00BAFAAE /* CountryCell.swift */ = {isa = PBXFileReference; lastKnownFileType = sourcecode.swift; path = CountryCell.swift; sourceTree = "<group>"; };
		5CE2D6C1270392B300362909 /* FavouriteCategoriesViewController.swift */ = {isa = PBXFileReference; lastKnownFileType = sourcecode.swift; path = FavouriteCategoriesViewController.swift; sourceTree = "<group>"; };
		5CE2D6C52703939900362909 /* FavoriteCategoriesCell.swift */ = {isa = PBXFileReference; lastKnownFileType = sourcecode.swift; path = FavoriteCategoriesCell.swift; sourceTree = "<group>"; };
		5CE576EE2701EFAB00D24069 /* ProfileTableFooter.swift */ = {isa = PBXFileReference; lastKnownFileType = sourcecode.swift; path = ProfileTableFooter.swift; sourceTree = "<group>"; };
		5CF9EFC926EFAD2900655DD2 /* AppSettingsManager.swift */ = {isa = PBXFileReference; lastKnownFileType = sourcecode.swift; path = AppSettingsManager.swift; sourceTree = "<group>"; };
		5CF9EFCD26EFC33500655DD2 /* UIViewController+UIAlertController.swift */ = {isa = PBXFileReference; lastKnownFileType = sourcecode.swift; path = "UIViewController+UIAlertController.swift"; sourceTree = "<group>"; };
		5CFB9F4F26E3AFF90095D548 /* UIView+Layout.swift */ = {isa = PBXFileReference; lastKnownFileType = sourcecode.swift; path = "UIView+Layout.swift"; sourceTree = "<group>"; };
		9B015C455B2417AF9A09A2E6 /* Pods-NewsApp.release.xcconfig */ = {isa = PBXFileReference; includeInIndex = 1; lastKnownFileType = text.xcconfig; name = "Pods-NewsApp.release.xcconfig"; path = "Target Support Files/Pods-NewsApp/Pods-NewsApp.release.xcconfig"; sourceTree = "<group>"; };
/* End PBXFileReference section */

/* Begin PBXFrameworksBuildPhase section */
		5CA46EEC26E36DDC0031A540 /* Frameworks */ = {
			isa = PBXFrameworksBuildPhase;
			buildActionMask = 2147483647;
			files = (
				8CC475C40541A9E8C5942F55 /* Pods_NewsApp.framework in Frameworks */,
			);
			runOnlyForDeploymentPostprocessing = 0;
		};
/* End PBXFrameworksBuildPhase section */

/* Begin PBXGroup section */
		5C141CE426ECD1CE0052028E /* WebNews Screen */ = {
			isa = PBXGroup;
			children = (
				5CBDA4322768F8E4003AB428 /* Model */,
				5CBDA4332768F8E9003AB428 /* View */,
				5CBDA4342768F8EE003AB428 /* ViewModel */,
			);
			path = "WebNews Screen";
			sourceTree = "<group>";
		};
		5C141CE826ECEFA90052028E /* Today Screen */ = {
			isa = PBXGroup;
			children = (
				5CBDA4162768F320003AB428 /* Model */,
				5CBDA4182768F337003AB428 /* VIew */,
				5CBDA4172768F329003AB428 /* ViewModel */,
			);
			path = "Today Screen";
			sourceTree = "<group>";
		};
		5C43A92C26E50B5F005FDD7B /* Models */ = {
			isa = PBXGroup;
			children = (
				5C43A92D26E50BB5005FDD7B /* NewsData.swift */,
				5CBA606526FA412300A81A53 /* CountrySection.swift */,
				5C007448270B534900E92C66 /* Categories.swift */,
				5C7C3D3F272D676A00FD0453 /* StockCompanies.swift */,
				5C10981B274A7E90000C0F16 /* User.swift */,
				5C5A1BAE276B9F9F005FA529 /* NewsCellModel.swift */,
			);
			path = Models;
			sourceTree = "<group>";
		};
		5C43A93126E510B1005FDD7B /* Service */ = {
			isa = PBXGroup;
			children = (
				5C43A93226E51185005FDD7B /* NetworkService.swift */,
				5CF9EFC926EFAD2900655DD2 /* AppSettingsManager.swift */,
				5C4867042709A0B20087A708 /* CategoryManager.swift */,
			);
			path = Service;
			sourceTree = "<group>";
		};
		5C55A51A26F10127004B148F /* Profile Screen */ = {
			isa = PBXGroup;
			children = (
				5CBDA42A2768F73B003AB428 /* Model */,
				5CBDA42B2768F742003AB428 /* View */,
				5CBDA42C2768F749003AB428 /* ViewModel */,
			);
			path = "Profile Screen";
			sourceTree = "<group>";
		};
		5CA46EE626E36DDC0031A540 = {
			isa = PBXGroup;
			children = (
				5CA46EF126E36DDC0031A540 /* NewsApp */,
				5CA46EF026E36DDC0031A540 /* Products */,
				F7AD8C88A7E5478B6C51A090 /* Pods */,
				B9516A629DA483510717AE30 /* Frameworks */,
			);
			sourceTree = "<group>";
		};
		5CA46EF026E36DDC0031A540 /* Products */ = {
			isa = PBXGroup;
			children = (
				5CA46EEF26E36DDC0031A540 /* NewsApp.app */,
			);
			name = Products;
			sourceTree = "<group>";
		};
		5CA46EF126E36DDC0031A540 /* NewsApp */ = {
			isa = PBXGroup;
			children = (
				5CB501DE26E6563E00246670 /* Resources */,
				5CFB9F4E26E3AFE00095D548 /* Helpers */,
				5C43A93126E510B1005FDD7B /* Service */,
				5CBDA40F2768F1A7003AB428 /* Screens */,
				5CBDA4352768F997003AB428 /* Common files */,
				5CA46EF226E36DDC0031A540 /* AppDelegate.swift */,
				5CA46EF426E36DDC0031A540 /* SceneDelegate.swift */,
				5CA46EF626E36DDC0031A540 /* ViewController.swift */,
				5CA46EF826E36DDC0031A540 /* Main.storyboard */,
				5CA46EFB26E36DDE0031A540 /* Assets.xcassets */,
				5CA46EFD26E36DDE0031A540 /* LaunchScreen.storyboard */,
				5C75F8752733CAF0001F2B80 /* GoogleService-Info.plist */,
				5CA46F0026E36DDE0031A540 /* Info.plist */,
			);
			path = NewsApp;
			sourceTree = "<group>";
		};
		5CA46F0726E3775C0031A540 /* Controllers */ = {
			isa = PBXGroup;
			children = (
				5CB501EC26E6764A00246670 /* Details Screen */,
				5CA46F0826E3776D0031A540 /* BaseController */,
			);
			path = Controllers;
			sourceTree = "<group>";
		};
		5CA46F0826E3776D0031A540 /* BaseController */ = {
			isa = PBXGroup;
			children = (
				5CA46F0926E377A70031A540 /* BaseTabBarController.swift */,
			);
			path = BaseController;
			sourceTree = "<group>";
		};
		5CA46F0D26E37A8A0031A540 /* Search Screen */ = {
			isa = PBXGroup;
			children = (
				5CBDA4252768F65A003AB428 /* Model */,
				5CBDA4262768F665003AB428 /* View */,
				5CBDA4272768F670003AB428 /* ViewModel */,
			);
			path = "Search Screen";
			sourceTree = "<group>";
		};
		5CA46F1326E37D030031A540 /* Views */ = {
			isa = PBXGroup;
			children = (
				5CB501E426E6746F00246670 /* DetailsCells */,
				5CB501D826E6513900246670 /* BaseCell.swift */,
				5C24EEB2271899B100F302D0 /* BaseButton.swift */,
				5CBA4EB5273C28B700FC2505 /* CircularImageView.swift */,
				5C8917C72767BE6400927EE9 /* BaseActivityIndicator.swift */,
			);
			path = Views;
			sourceTree = "<group>";
		};
		5CB501DE26E6563E00246670 /* Resources */ = {
			isa = PBXGroup;
			children = (
				5CB501DB26E655C700246670 /* ScopeOne-Regular.ttf */,
			);
			path = Resources;
			sourceTree = "<group>";
		};
		5CB501E426E6746F00246670 /* DetailsCells */ = {
			isa = PBXGroup;
			children = (
				5CB501E526E674B700246670 /* ImageHeaderCell.swift */,
				5CB501E926E675DF00246670 /* NewsDetailCell.swift */,
				5C7098C926E93EB600A8AEC5 /* FloatingContainerView.swift */,
			);
			path = DetailsCells;
			sourceTree = "<group>";
		};
		5CB501EC26E6764A00246670 /* Details Screen */ = {
			isa = PBXGroup;
			children = (
				5CB501E126E6716700246670 /* DetailsController.swift */,
			);
			path = "Details Screen";
			sourceTree = "<group>";
		};
		5CBDA40F2768F1A7003AB428 /* Screens */ = {
			isa = PBXGroup;
			children = (
				5CBF2FDF26EE40BC00DB1D89 /* Welcome Screen */,
				5C141CE826ECEFA90052028E /* Today Screen */,
				5CE2D6C02703926A00362909 /* FavoriteCategories Screen */,
				5CA46F0D26E37A8A0031A540 /* Search Screen */,
				5C55A51A26F10127004B148F /* Profile Screen */,
				5C141CE426ECD1CE0052028E /* WebNews Screen */,
			);
			path = Screens;
			sourceTree = "<group>";
		};
		5CBDA4112768F1F3003AB428 /* Model */ = {
			isa = PBXGroup;
			children = (
				5C17A35A2778CFE7002F8A8D /* RegisterResult.swift */,
				5C17A3612778D67B002F8A8D /* LoginResult.swift */,
			);
			path = Model;
			sourceTree = "<group>";
		};
		5CBDA4122768F1FC003AB428 /* ViewModel */ = {
			isa = PBXGroup;
			children = (
				5C7D6D6B277380000069BE08 /* WelcomeControllerViewModel.swift */,
				5C7D6D6E2773841E0069BE08 /* RegisterControllerViewModel.swift */,
				5C17A35D2778D3CC002F8A8D /* LoginControllerViewModel.swift */,
			);
			path = ViewModel;
			sourceTree = "<group>";
		};
		5CBDA4132768F20A003AB428 /* VIew */ = {
			isa = PBXGroup;
			children = (
				5CBF2FE626EE411E00DB1D89 /* WelcomeController.swift */,
				5CBF2FEE26EE4DEF00DB1D89 /* RegisterController.swift */,
				5C55A50F26F0EC79004B148F /* LoginViewController.swift */,
				5CCC7B362738189900F63437 /* VerificationController.swift */,
				5C89366827398A7F006A8ECD /* VerificationAlertView.swift */,
			);
			path = VIew;
			sourceTree = "<group>";
		};
		5CBDA4162768F320003AB428 /* Model */ = {
			isa = PBXGroup;
			children = (
				5C23AEF227662064006521BD /* TodayCellModel.swift */,
				5C8917B32767A68800927EE9 /* StockHeaderCellModel.swift */,
				5C8B22E127232962005ABD88 /* StockData.swift */,
				5C28A1092731476500C100A4 /* StockHistoryData.swift */,
			);
			path = Model;
			sourceTree = "<group>";
		};
		5CBDA4172768F329003AB428 /* ViewModel */ = {
			isa = PBXGroup;
			children = (
				5C23AEEF2766204B006521BD /* TodayCellViewModel.swift */,
			);
			path = ViewModel;
			sourceTree = "<group>";
		};
		5CBDA4182768F337003AB428 /* VIew */ = {
			isa = PBXGroup;
			children = (
				5CBDA41C2768F523003AB428 /* Today news */,
				5CBDA41E2768F53C003AB428 /* Stock news */,
			);
			path = VIew;
			sourceTree = "<group>";
		};
		5CBDA41C2768F523003AB428 /* Today news */ = {
			isa = PBXGroup;
			children = (
				5C141CE926ECEFBD0052028E /* TodayController.swift */,
				5CA874BB26ECF32900ABA803 /* TodayCell.swift */,
				5C8A73F12713016600AFFA76 /* TableDetailsController.swift */,
				5C8A73F42713033900AFFA76 /* ImageHeaderTableCell.swift */,
				5C8A73F72713039A00AFFA76 /* NewsDetailTableCell.swift */,
			);
			path = "Today news";
			sourceTree = "<group>";
		};
		5CBDA41E2768F53C003AB428 /* Stock news */ = {
			isa = PBXGroup;
			children = (
				5C61F62E2721C4A100C6D369 /* StockHeaderHorizontalController.swift */,
				5C61F62B2721C3B200C6D369 /* StockPageHeader.swift */,
				5C61F6312721C58C00C6D369 /* StockHeaderCell.swift */,
				5C38A805272ED5F7009B1535 /* StockChartViewController.swift */,
			);
			path = "Stock news";
			sourceTree = "<group>";
		};
		5CBDA4212768F599003AB428 /* Model */ = {
			isa = PBXGroup;
			children = (
			);
			path = Model;
			sourceTree = "<group>";
		};
		5CBDA4222768F5A1003AB428 /* View */ = {
			isa = PBXGroup;
			children = (
				5CE2D6C1270392B300362909 /* FavouriteCategoriesViewController.swift */,
				5CE2D6C52703939900362909 /* FavoriteCategoriesCell.swift */,
				5C664317270E0FE900C4F297 /* FullScreenCategoriesViewController.swift */,
				5C5A1BB1276BA751005FA529 /* FavoriteCategoryNewsCell.swift */,
			);
			path = View;
			sourceTree = "<group>";
		};
		5CBDA4232768F5A8003AB428 /* VIewModel */ = {
			isa = PBXGroup;
			children = (
				5C5A1BA8276B8DFC005FA529 /* FavouriteCategoriesViewModel.swift */,
				5C5A1BAB276B9990005FA529 /* FullSceenCategoriesViewModel.swift */,
			);
			path = VIewModel;
			sourceTree = "<group>";
		};
		5CBDA4252768F65A003AB428 /* Model */ = {
			isa = PBXGroup;
			children = (
			);
			path = Model;
			sourceTree = "<group>";
		};
		5CBDA4262768F665003AB428 /* View */ = {
			isa = PBXGroup;
			children = (
				5CA46F0E26E37AAB0031A540 /* NewsSearchController.swift */,
				5C8A73ED2712EA2C00AFFA76 /* NewsSearchCell.swift */,
			);
			path = View;
			sourceTree = "<group>";
		};
		5CBDA4272768F670003AB428 /* ViewModel */ = {
			isa = PBXGroup;
			children = (
				5CD683A12770E43500C6EBA5 /* NewsSearchControllerViewModel.swift */,
			);
			path = ViewModel;
			sourceTree = "<group>";
		};
		5CBDA42A2768F73B003AB428 /* Model */ = {
			isa = PBXGroup;
			children = (
			);
			path = Model;
			sourceTree = "<group>";
		};
		5CBDA42B2768F742003AB428 /* View */ = {
			isa = PBXGroup;
			children = (
				5CBDA42D2768F854003AB428 /* Profile */,
				5CBDA42F2768F864003AB428 /* Categories */,
				5CBDA4302768F87F003AB428 /* Stock companies */,
			);
			path = View;
			sourceTree = "<group>";
		};
		5CBDA42C2768F749003AB428 /* ViewModel */ = {
			isa = PBXGroup;
			children = (
			);
			path = ViewModel;
			sourceTree = "<group>";
		};
		5CBDA42D2768F854003AB428 /* Profile */ = {
			isa = PBXGroup;
			children = (
				5C55A52026F101ED004B148F /* ProfileViewController.swift */,
				5CBA606826FA432B00A81A53 /* ChooseCountryCell.swift */,
				5CE00E2C26F78F1B00BAFAAE /* CountryCell.swift */,
				5C148E9526FDDAC500F465AC /* ProfileTableHeader.swift */,
				5CE576EE2701EFAB00D24069 /* ProfileTableFooter.swift */,
				5CC07475272876B00083D6B8 /* FavouriteCategoriesCell.swift */,
				5C31FF6527286B7E0001E714 /* StockCompaniesCell.swift */,
			);
			path = Profile;
			sourceTree = "<group>";
		};
		5CBDA42F2768F864003AB428 /* Categories */ = {
			isa = PBXGroup;
			children = (
				5C2DF30A27024B6B00D51EEE /* CategoriesViewController.swift */,
				5C307CA22702DEA1004BAF0D /* CategoriesCell.swift */,
			);
			path = Categories;
			sourceTree = "<group>";
		};
		5CBDA4302768F87F003AB428 /* Stock companies */ = {
			isa = PBXGroup;
			children = (
				5C83CBB12729A90D001A42DF /* StockCompaniesViewController.swift */,
				5C83CBB42729AA3E001A42DF /* StockCell.swift */,
			);
			path = "Stock companies";
			sourceTree = "<group>";
		};
		5CBDA4322768F8E4003AB428 /* Model */ = {
			isa = PBXGroup;
			children = (
			);
			path = Model;
			sourceTree = "<group>";
		};
		5CBDA4332768F8E9003AB428 /* View */ = {
			isa = PBXGroup;
			children = (
				5C4BADE626EA7E93000620A1 /* WebNewsViewController.swift */,
			);
			path = View;
			sourceTree = "<group>";
		};
		5CBDA4342768F8EE003AB428 /* ViewModel */ = {
			isa = PBXGroup;
			children = (
			);
			path = ViewModel;
			sourceTree = "<group>";
		};
		5CBDA4352768F997003AB428 /* Common files */ = {
			isa = PBXGroup;
			children = (
				5C43A92C26E50B5F005FDD7B /* Models */,
				5CA46F1326E37D030031A540 /* Views */,
				5CA46F0726E3775C0031A540 /* Controllers */,
			);
			path = "Common files";
			sourceTree = "<group>";
		};
		5CBF2FDF26EE40BC00DB1D89 /* Welcome Screen */ = {
			isa = PBXGroup;
			children = (
				5CBDA4112768F1F3003AB428 /* Model */,
				5CBDA4132768F20A003AB428 /* VIew */,
				5CBDA4122768F1FC003AB428 /* ViewModel */,
			);
			path = "Welcome Screen";
			sourceTree = "<group>";
		};
		5CE2D6C02703926A00362909 /* FavoriteCategories Screen */ = {
			isa = PBXGroup;
			children = (
				5CBDA4212768F599003AB428 /* Model */,
				5CBDA4222768F5A1003AB428 /* View */,
				5CBDA4232768F5A8003AB428 /* VIewModel */,
			);
			path = "FavoriteCategories Screen";
			sourceTree = "<group>";
		};
		5CFB9F4E26E3AFE00095D548 /* Helpers */ = {
			isa = PBXGroup;
			children = (
				5CFB9F4F26E3AFF90095D548 /* UIView+Layout.swift */,
				5C7098C626E9382100A8AEC5 /* Helpers.swift */,
				5C4BADE326EA702C000620A1 /* UIColor+Extension.swift */,
				5CF9EFCD26EFC33500655DD2 /* UIViewController+UIAlertController.swift */,
				5C8B46F227469D9900206D07 /* DefaultParameters.swift */,
				5C23AEEC27662002006521BD /* Box.swift */,
				5CBB48BC276A4439005F2F69 /* UIView+Extension.swift */,
				5C16C7E7277A131900F96CE6 /* UITextField+Extension.swift */,
				5C16C7EA277A1AF500F96CE6 /* UILabel+Extension.swift */,
			);
			path = Helpers;
			sourceTree = "<group>";
		};
		B9516A629DA483510717AE30 /* Frameworks */ = {
			isa = PBXGroup;
			children = (
				08021A5553E9BE722E1932DB /* Pods_NewsApp.framework */,
			);
			name = Frameworks;
			sourceTree = "<group>";
		};
		F7AD8C88A7E5478B6C51A090 /* Pods */ = {
			isa = PBXGroup;
			children = (
				407639DA0D7D4EB3E97F9563 /* Pods-NewsApp.debug.xcconfig */,
				9B015C455B2417AF9A09A2E6 /* Pods-NewsApp.release.xcconfig */,
			);
			path = Pods;
			sourceTree = "<group>";
		};
/* End PBXGroup section */

/* Begin PBXNativeTarget section */
		5CA46EEE26E36DDC0031A540 /* NewsApp */ = {
			isa = PBXNativeTarget;
			buildConfigurationList = 5CA46F0326E36DDE0031A540 /* Build configuration list for PBXNativeTarget "NewsApp" */;
			buildPhases = (
				51E5390ED44546FD364F6684 /* [CP] Check Pods Manifest.lock */,
				5CA46EEB26E36DDC0031A540 /* Sources */,
				5CA46EEC26E36DDC0031A540 /* Frameworks */,
				5CA46EED26E36DDC0031A540 /* Resources */,
				FF607D02BD3AE68B8BA71650 /* [CP] Embed Pods Frameworks */,
			);
			buildRules = (
			);
			dependencies = (
			);
			name = NewsApp;
			productName = NewsApp;
			productReference = 5CA46EEF26E36DDC0031A540 /* NewsApp.app */;
			productType = "com.apple.product-type.application";
		};
/* End PBXNativeTarget section */

/* Begin PBXProject section */
		5CA46EE726E36DDC0031A540 /* Project object */ = {
			isa = PBXProject;
			attributes = {
				LastSwiftUpdateCheck = 1240;
				LastUpgradeCheck = 1240;
				TargetAttributes = {
					5CA46EEE26E36DDC0031A540 = {
						CreatedOnToolsVersion = 12.4;
					};
				};
			};
			buildConfigurationList = 5CA46EEA26E36DDC0031A540 /* Build configuration list for PBXProject "NewsApp" */;
			compatibilityVersion = "Xcode 9.3";
			developmentRegion = en;
			hasScannedForEncodings = 0;
			knownRegions = (
				en,
				Base,
			);
			mainGroup = 5CA46EE626E36DDC0031A540;
			productRefGroup = 5CA46EF026E36DDC0031A540 /* Products */;
			projectDirPath = "";
			projectRoot = "";
			targets = (
				5CA46EEE26E36DDC0031A540 /* NewsApp */,
			);
		};
/* End PBXProject section */

/* Begin PBXResourcesBuildPhase section */
		5CA46EED26E36DDC0031A540 /* Resources */ = {
			isa = PBXResourcesBuildPhase;
			buildActionMask = 2147483647;
			files = (
				5CA46EFF26E36DDE0031A540 /* LaunchScreen.storyboard in Resources */,
				5CA46EFC26E36DDE0031A540 /* Assets.xcassets in Resources */,
				5C75F8762733CAF0001F2B80 /* GoogleService-Info.plist in Resources */,
				5CA46EFA26E36DDC0031A540 /* Main.storyboard in Resources */,
				5CB501DC26E655C700246670 /* ScopeOne-Regular.ttf in Resources */,
			);
			runOnlyForDeploymentPostprocessing = 0;
		};
/* End PBXResourcesBuildPhase section */

/* Begin PBXShellScriptBuildPhase section */
		51E5390ED44546FD364F6684 /* [CP] Check Pods Manifest.lock */ = {
			isa = PBXShellScriptBuildPhase;
			buildActionMask = 2147483647;
			files = (
			);
			inputFileListPaths = (
			);
			inputPaths = (
				"${PODS_PODFILE_DIR_PATH}/Podfile.lock",
				"${PODS_ROOT}/Manifest.lock",
			);
			name = "[CP] Check Pods Manifest.lock";
			outputFileListPaths = (
			);
			outputPaths = (
				"$(DERIVED_FILE_DIR)/Pods-NewsApp-checkManifestLockResult.txt",
			);
			runOnlyForDeploymentPostprocessing = 0;
			shellPath = /bin/sh;
			shellScript = "diff \"${PODS_PODFILE_DIR_PATH}/Podfile.lock\" \"${PODS_ROOT}/Manifest.lock\" > /dev/null\nif [ $? != 0 ] ; then\n    # print error to STDERR\n    echo \"error: The sandbox is not in sync with the Podfile.lock. Run 'pod install' or update your CocoaPods installation.\" >&2\n    exit 1\nfi\n# This output is used by Xcode 'outputs' to avoid re-running this script phase.\necho \"SUCCESS\" > \"${SCRIPT_OUTPUT_FILE_0}\"\n";
			showEnvVarsInLog = 0;
		};
		FF607D02BD3AE68B8BA71650 /* [CP] Embed Pods Frameworks */ = {
			isa = PBXShellScriptBuildPhase;
			buildActionMask = 2147483647;
			files = (
			);
			inputFileListPaths = (
				"${PODS_ROOT}/Target Support Files/Pods-NewsApp/Pods-NewsApp-frameworks-${CONFIGURATION}-input-files.xcfilelist",
			);
			name = "[CP] Embed Pods Frameworks";
			outputFileListPaths = (
				"${PODS_ROOT}/Target Support Files/Pods-NewsApp/Pods-NewsApp-frameworks-${CONFIGURATION}-output-files.xcfilelist",
			);
			runOnlyForDeploymentPostprocessing = 0;
			shellPath = /bin/sh;
			shellScript = "\"${PODS_ROOT}/Target Support Files/Pods-NewsApp/Pods-NewsApp-frameworks.sh\"\n";
			showEnvVarsInLog = 0;
		};
/* End PBXShellScriptBuildPhase section */

/* Begin PBXSourcesBuildPhase section */
		5CA46EEB26E36DDC0031A540 /* Sources */ = {
			isa = PBXSourcesBuildPhase;
			buildActionMask = 2147483647;
			files = (
				5CB501E626E674B700246670 /* ImageHeaderCell.swift in Sources */,
				5C8A73F22713016600AFFA76 /* TableDetailsController.swift in Sources */,
				5C17A35E2778D3CC002F8A8D /* LoginControllerViewModel.swift in Sources */,
				5C7098C726E9382100A8AEC5 /* Helpers.swift in Sources */,
				5C4BADE726EA7E93000620A1 /* WebNewsViewController.swift in Sources */,
				5C43A92E26E50BB5005FDD7B /* NewsData.swift in Sources */,
				5C8A73F52713033900AFFA76 /* ImageHeaderTableCell.swift in Sources */,
				5C83CBB22729A90D001A42DF /* StockCompaniesViewController.swift in Sources */,
				5C55A52126F101ED004B148F /* ProfileViewController.swift in Sources */,
				5C5A1BAF276B9F9F005FA529 /* NewsCellModel.swift in Sources */,
				5C10981C274A7E90000C0F16 /* User.swift in Sources */,
				5C5A1BAC276B9990005FA529 /* FullSceenCategoriesViewModel.swift in Sources */,
				5C007449270B534900E92C66 /* Categories.swift in Sources */,
				5CB501E226E6716700246670 /* DetailsController.swift in Sources */,
				5C23AEED27662002006521BD /* Box.swift in Sources */,
				5C8B46F327469D9900206D07 /* DefaultParameters.swift in Sources */,
				5C38A806272ED5F7009B1535 /* StockChartViewController.swift in Sources */,
				5C16C7EB277A1AF500F96CE6 /* UILabel+Extension.swift in Sources */,
				5CA46F0A26E377A70031A540 /* BaseTabBarController.swift in Sources */,
				5C24EEB3271899B100F302D0 /* BaseButton.swift in Sources */,
				5CBF2FE726EE411E00DB1D89 /* WelcomeController.swift in Sources */,
				5C23AEF327662064006521BD /* TodayCellModel.swift in Sources */,
				5C17A3622778D67B002F8A8D /* LoginResult.swift in Sources */,
				5C7098CA26E93EB600A8AEC5 /* FloatingContainerView.swift in Sources */,
				5C4BADE426EA702C000620A1 /* UIColor+Extension.swift in Sources */,
				5C5A1BA9276B8DFC005FA529 /* FavouriteCategoriesViewModel.swift in Sources */,
				5C61F62F2721C4A100C6D369 /* StockHeaderHorizontalController.swift in Sources */,
				5C5A1BB2276BA751005FA529 /* FavoriteCategoryNewsCell.swift in Sources */,
				5C89366927398A7F006A8ECD /* VerificationAlertView.swift in Sources */,
				5C8A73F82713039A00AFFA76 /* NewsDetailTableCell.swift in Sources */,
				5C8A73EE2712EA2C00AFFA76 /* NewsSearchCell.swift in Sources */,
				5CA46EF726E36DDC0031A540 /* ViewController.swift in Sources */,
				5C43A93326E51185005FDD7B /* NetworkService.swift in Sources */,
				5C2DF30B27024B6B00D51EEE /* CategoriesViewController.swift in Sources */,
				5C31FF6627286B7E0001E714 /* StockCompaniesCell.swift in Sources */,
				5C148E9626FDDAC500F465AC /* ProfileTableHeader.swift in Sources */,
				5C16C7E8277A131900F96CE6 /* UITextField+Extension.swift in Sources */,
				5C4867052709A0B20087A708 /* CategoryManager.swift in Sources */,
				5C55A51026F0EC79004B148F /* LoginViewController.swift in Sources */,
				5CA46F0F26E37AAB0031A540 /* NewsSearchController.swift in Sources */,
				5C61F6322721C58C00C6D369 /* StockHeaderCell.swift in Sources */,
				5C7D6D6F2773841E0069BE08 /* RegisterControllerViewModel.swift in Sources */,
				5CA874BC26ECF32900ABA803 /* TodayCell.swift in Sources */,
				5C61F62C2721C3B200C6D369 /* StockPageHeader.swift in Sources */,
				5CA46EF326E36DDC0031A540 /* AppDelegate.swift in Sources */,
				5CB501EA26E675DF00246670 /* NewsDetailCell.swift in Sources */,
				5C28A10A2731476500C100A4 /* StockHistoryData.swift in Sources */,
				5CFB9F5026E3AFF90095D548 /* UIView+Layout.swift in Sources */,
				5C17A35B2778CFE8002F8A8D /* RegisterResult.swift in Sources */,
				5CE2D6C62703939900362909 /* FavoriteCategoriesCell.swift in Sources */,
				5CBA4EB6273C28B700FC2505 /* CircularImageView.swift in Sources */,
				5C7C3D40272D676A00FD0453 /* StockCompanies.swift in Sources */,
				5C83CBB52729AA3E001A42DF /* StockCell.swift in Sources */,
				5C307CA32702DEA1004BAF0D /* CategoriesCell.swift in Sources */,
				5CF9EFCA26EFAD2900655DD2 /* AppSettingsManager.swift in Sources */,
				5CCC7B372738189900F63437 /* VerificationController.swift in Sources */,
				5CC07476272876B00083D6B8 /* FavouriteCategoriesCell.swift in Sources */,
				5CBA606626FA412300A81A53 /* CountrySection.swift in Sources */,
				5C8B22E227232962005ABD88 /* StockData.swift in Sources */,
				5CBF2FEF26EE4DEF00DB1D89 /* RegisterController.swift in Sources */,
				5CF9EFCE26EFC33500655DD2 /* UIViewController+UIAlertController.swift in Sources */,
				5CE2D6C2270392B300362909 /* FavouriteCategoriesViewController.swift in Sources */,
				5C23AEF02766204B006521BD /* TodayCellViewModel.swift in Sources */,
				5CBA606926FA432B00A81A53 /* ChooseCountryCell.swift in Sources */,
				5CB501D926E6513900246670 /* BaseCell.swift in Sources */,
				5C8917C82767BE6400927EE9 /* BaseActivityIndicator.swift in Sources */,
				5CA46EF526E36DDC0031A540 /* SceneDelegate.swift in Sources */,
				5C7D6D6C277380000069BE08 /* WelcomeControllerViewModel.swift in Sources */,
				5CD683A22770E43500C6EBA5 /* NewsSearchControllerViewModel.swift in Sources */,
				5CBB48BD276A4439005F2F69 /* UIView+Extension.swift in Sources */,
				5CE00E2D26F78F1B00BAFAAE /* CountryCell.swift in Sources */,
				5C141CEA26ECEFBD0052028E /* TodayController.swift in Sources */,
				5CE576EF2701EFAB00D24069 /* ProfileTableFooter.swift in Sources */,
				5C8917B42767A68800927EE9 /* StockHeaderCellModel.swift in Sources */,
				5C664318270E0FE900C4F297 /* FullScreenCategoriesViewController.swift in Sources */,
			);
			runOnlyForDeploymentPostprocessing = 0;
		};
/* End PBXSourcesBuildPhase section */

/* Begin PBXVariantGroup section */
		5CA46EF826E36DDC0031A540 /* Main.storyboard */ = {
			isa = PBXVariantGroup;
			children = (
				5CA46EF926E36DDC0031A540 /* Base */,
			);
			name = Main.storyboard;
			sourceTree = "<group>";
		};
		5CA46EFD26E36DDE0031A540 /* LaunchScreen.storyboard */ = {
			isa = PBXVariantGroup;
			children = (
				5CA46EFE26E36DDE0031A540 /* Base */,
			);
			name = LaunchScreen.storyboard;
			sourceTree = "<group>";
		};
/* End PBXVariantGroup section */

/* Begin XCBuildConfiguration section */
		5CA46F0126E36DDE0031A540 /* Debug */ = {
			isa = XCBuildConfiguration;
			buildSettings = {
				ALWAYS_SEARCH_USER_PATHS = NO;
				CLANG_ANALYZER_NONNULL = YES;
				CLANG_ANALYZER_NUMBER_OBJECT_CONVERSION = YES_AGGRESSIVE;
				CLANG_CXX_LANGUAGE_STANDARD = "gnu++14";
				CLANG_CXX_LIBRARY = "libc++";
				CLANG_ENABLE_MODULES = YES;
				CLANG_ENABLE_OBJC_ARC = YES;
				CLANG_ENABLE_OBJC_WEAK = YES;
				CLANG_WARN_BLOCK_CAPTURE_AUTORELEASING = YES;
				CLANG_WARN_BOOL_CONVERSION = YES;
				CLANG_WARN_COMMA = YES;
				CLANG_WARN_CONSTANT_CONVERSION = YES;
				CLANG_WARN_DEPRECATED_OBJC_IMPLEMENTATIONS = YES;
				CLANG_WARN_DIRECT_OBJC_ISA_USAGE = YES_ERROR;
				CLANG_WARN_DOCUMENTATION_COMMENTS = YES;
				CLANG_WARN_EMPTY_BODY = YES;
				CLANG_WARN_ENUM_CONVERSION = YES;
				CLANG_WARN_INFINITE_RECURSION = YES;
				CLANG_WARN_INT_CONVERSION = YES;
				CLANG_WARN_NON_LITERAL_NULL_CONVERSION = YES;
				CLANG_WARN_OBJC_IMPLICIT_RETAIN_SELF = YES;
				CLANG_WARN_OBJC_LITERAL_CONVERSION = YES;
				CLANG_WARN_OBJC_ROOT_CLASS = YES_ERROR;
				CLANG_WARN_QUOTED_INCLUDE_IN_FRAMEWORK_HEADER = YES;
				CLANG_WARN_RANGE_LOOP_ANALYSIS = YES;
				CLANG_WARN_STRICT_PROTOTYPES = YES;
				CLANG_WARN_SUSPICIOUS_MOVE = YES;
				CLANG_WARN_UNGUARDED_AVAILABILITY = YES_AGGRESSIVE;
				CLANG_WARN_UNREACHABLE_CODE = YES;
				CLANG_WARN__DUPLICATE_METHOD_MATCH = YES;
				COPY_PHASE_STRIP = NO;
				DEBUG_INFORMATION_FORMAT = dwarf;
				ENABLE_STRICT_OBJC_MSGSEND = YES;
				ENABLE_TESTABILITY = YES;
				GCC_C_LANGUAGE_STANDARD = gnu11;
				GCC_DYNAMIC_NO_PIC = NO;
				GCC_NO_COMMON_BLOCKS = YES;
				GCC_OPTIMIZATION_LEVEL = 0;
				GCC_PREPROCESSOR_DEFINITIONS = (
					"DEBUG=1",
					"$(inherited)",
				);
				GCC_WARN_64_TO_32_BIT_CONVERSION = YES;
				GCC_WARN_ABOUT_RETURN_TYPE = YES_ERROR;
				GCC_WARN_UNDECLARED_SELECTOR = YES;
				GCC_WARN_UNINITIALIZED_AUTOS = YES_AGGRESSIVE;
				GCC_WARN_UNUSED_FUNCTION = YES;
				GCC_WARN_UNUSED_VARIABLE = YES;
				IPHONEOS_DEPLOYMENT_TARGET = 14.4;
				MTL_ENABLE_DEBUG_INFO = INCLUDE_SOURCE;
				MTL_FAST_MATH = YES;
				ONLY_ACTIVE_ARCH = YES;
				SDKROOT = iphoneos;
				SWIFT_ACTIVE_COMPILATION_CONDITIONS = DEBUG;
				SWIFT_OPTIMIZATION_LEVEL = "-Onone";
			};
			name = Debug;
		};
		5CA46F0226E36DDE0031A540 /* Release */ = {
			isa = XCBuildConfiguration;
			buildSettings = {
				ALWAYS_SEARCH_USER_PATHS = NO;
				CLANG_ANALYZER_NONNULL = YES;
				CLANG_ANALYZER_NUMBER_OBJECT_CONVERSION = YES_AGGRESSIVE;
				CLANG_CXX_LANGUAGE_STANDARD = "gnu++14";
				CLANG_CXX_LIBRARY = "libc++";
				CLANG_ENABLE_MODULES = YES;
				CLANG_ENABLE_OBJC_ARC = YES;
				CLANG_ENABLE_OBJC_WEAK = YES;
				CLANG_WARN_BLOCK_CAPTURE_AUTORELEASING = YES;
				CLANG_WARN_BOOL_CONVERSION = YES;
				CLANG_WARN_COMMA = YES;
				CLANG_WARN_CONSTANT_CONVERSION = YES;
				CLANG_WARN_DEPRECATED_OBJC_IMPLEMENTATIONS = YES;
				CLANG_WARN_DIRECT_OBJC_ISA_USAGE = YES_ERROR;
				CLANG_WARN_DOCUMENTATION_COMMENTS = YES;
				CLANG_WARN_EMPTY_BODY = YES;
				CLANG_WARN_ENUM_CONVERSION = YES;
				CLANG_WARN_INFINITE_RECURSION = YES;
				CLANG_WARN_INT_CONVERSION = YES;
				CLANG_WARN_NON_LITERAL_NULL_CONVERSION = YES;
				CLANG_WARN_OBJC_IMPLICIT_RETAIN_SELF = YES;
				CLANG_WARN_OBJC_LITERAL_CONVERSION = YES;
				CLANG_WARN_OBJC_ROOT_CLASS = YES_ERROR;
				CLANG_WARN_QUOTED_INCLUDE_IN_FRAMEWORK_HEADER = YES;
				CLANG_WARN_RANGE_LOOP_ANALYSIS = YES;
				CLANG_WARN_STRICT_PROTOTYPES = YES;
				CLANG_WARN_SUSPICIOUS_MOVE = YES;
				CLANG_WARN_UNGUARDED_AVAILABILITY = YES_AGGRESSIVE;
				CLANG_WARN_UNREACHABLE_CODE = YES;
				CLANG_WARN__DUPLICATE_METHOD_MATCH = YES;
				COPY_PHASE_STRIP = NO;
				DEBUG_INFORMATION_FORMAT = "dwarf-with-dsym";
				ENABLE_NS_ASSERTIONS = NO;
				ENABLE_STRICT_OBJC_MSGSEND = YES;
				GCC_C_LANGUAGE_STANDARD = gnu11;
				GCC_NO_COMMON_BLOCKS = YES;
				GCC_WARN_64_TO_32_BIT_CONVERSION = YES;
				GCC_WARN_ABOUT_RETURN_TYPE = YES_ERROR;
				GCC_WARN_UNDECLARED_SELECTOR = YES;
				GCC_WARN_UNINITIALIZED_AUTOS = YES_AGGRESSIVE;
				GCC_WARN_UNUSED_FUNCTION = YES;
				GCC_WARN_UNUSED_VARIABLE = YES;
				IPHONEOS_DEPLOYMENT_TARGET = 14.4;
				MTL_ENABLE_DEBUG_INFO = NO;
				MTL_FAST_MATH = YES;
				SDKROOT = iphoneos;
				SWIFT_COMPILATION_MODE = wholemodule;
				SWIFT_OPTIMIZATION_LEVEL = "-O";
				VALIDATE_PRODUCT = YES;
			};
			name = Release;
		};
		5CA46F0426E36DDE0031A540 /* Debug */ = {
			isa = XCBuildConfiguration;
			baseConfigurationReference = 407639DA0D7D4EB3E97F9563 /* Pods-NewsApp.debug.xcconfig */;
			buildSettings = {
				ASSETCATALOG_COMPILER_APPICON_NAME = AppIcon;
				ASSETCATALOG_COMPILER_GLOBAL_ACCENT_COLOR_NAME = AccentColor;
				CODE_SIGN_STYLE = Automatic;
				DEVELOPMENT_TEAM = 6UV36R5ZZ7;
				INFOPLIST_FILE = NewsApp/Info.plist;
				LD_RUNPATH_SEARCH_PATHS = (
					"$(inherited)",
					"@executable_path/Frameworks",
				);
				PRODUCT_BUNDLE_IDENTIFIER = KonstantinD.NewsApp;
				PRODUCT_NAME = "$(TARGET_NAME)";
				SWIFT_VERSION = 5.0;
				TARGETED_DEVICE_FAMILY = "1,2";
			};
			name = Debug;
		};
		5CA46F0526E36DDE0031A540 /* Release */ = {
			isa = XCBuildConfiguration;
			baseConfigurationReference = 9B015C455B2417AF9A09A2E6 /* Pods-NewsApp.release.xcconfig */;
			buildSettings = {
				ASSETCATALOG_COMPILER_APPICON_NAME = AppIcon;
				ASSETCATALOG_COMPILER_GLOBAL_ACCENT_COLOR_NAME = AccentColor;
				CODE_SIGN_STYLE = Automatic;
				DEVELOPMENT_TEAM = 6UV36R5ZZ7;
				INFOPLIST_FILE = NewsApp/Info.plist;
				LD_RUNPATH_SEARCH_PATHS = (
					"$(inherited)",
					"@executable_path/Frameworks",
				);
				PRODUCT_BUNDLE_IDENTIFIER = KonstantinD.NewsApp;
				PRODUCT_NAME = "$(TARGET_NAME)";
				SWIFT_VERSION = 5.0;
				TARGETED_DEVICE_FAMILY = "1,2";
			};
			name = Release;
		};
/* End XCBuildConfiguration section */

/* Begin XCConfigurationList section */
		5CA46EEA26E36DDC0031A540 /* Build configuration list for PBXProject "NewsApp" */ = {
			isa = XCConfigurationList;
			buildConfigurations = (
				5CA46F0126E36DDE0031A540 /* Debug */,
				5CA46F0226E36DDE0031A540 /* Release */,
			);
			defaultConfigurationIsVisible = 0;
			defaultConfigurationName = Release;
		};
		5CA46F0326E36DDE0031A540 /* Build configuration list for PBXNativeTarget "NewsApp" */ = {
			isa = XCConfigurationList;
			buildConfigurations = (
				5CA46F0426E36DDE0031A540 /* Debug */,
				5CA46F0526E36DDE0031A540 /* Release */,
			);
			defaultConfigurationIsVisible = 0;
			defaultConfigurationName = Release;
		};
/* End XCConfigurationList section */
	};
	rootObject = 5CA46EE726E36DDC0031A540 /* Project object */;
}
